PODS:
  - BothamUI (0.0.1)
  - KIF (3.3.0):
    - KIF/Core (= 3.3.0)
  - KIF/Core (3.3.0)
  - Nimble (3.0.0)
  - SDWebImage (3.7.3):
    - SDWebImage/Core (= 3.7.3)
  - SDWebImage/Core (3.7.3)

DEPENDENCIES:
  - BothamUI (from `./`)
  - KIF (~> 3.0)
  - Nimble
  - SDWebImage (~> 3.7)

EXTERNAL SOURCES:
  BothamUI:
    :path: "./"

SPEC CHECKSUMS:
  BothamUI: d21b72fb83154b38ea70af767593e7d2c89267a5
  KIF: 0a82046d06f3648799cac522d2d0f7934214caac
  Nimble: 4c353d43735b38b545cbb4cb91504588eb5de926
  SDWebImage: 1d2b1a1efda1ade1b00b6f8498865f8ddedc8a84

COCOAPODS: 0.39.0
