PODS:
  - BothamUI (0.0.1)
  - KIF (3.3.0):
    - KIF/Core (= 3.3.0)
  - KIF/Core (3.3.0)
  - Nimble (3.0.0)

DEPENDENCIES:
  - BothamUI (from `./`)
  - KIF (~> 3.0)
  - Nimble

EXTERNAL SOURCES:
  BothamUI:
    :path: ./

SPEC CHECKSUMS:
  BothamUI: d21b72fb83154b38ea70af767593e7d2c89267a5
  KIF: 0a82046d06f3648799cac522d2d0f7934214caac
  Nimble: 4c353d43735b38b545cbb4cb91504588eb5de926

COCOAPODS: 0.39.0
