// !$*UTF8*$!
{
	archiveVersion = 1;
	classes = {
	};
	objectVersion = 46;
	objects = {

/* Begin PBXBuildFile section */
		168BBF004D2769ACD85FB91F /* Pods_BothamUIUnitTests.framework in Frameworks */ = {isa = PBXBuildFile; fileRef = 1AF37E82FA1E8951B20CF920 /* Pods_BothamUIUnitTests.framework */; };
		6B0736FD1BFDCB83000E0E7D /* BothamTableViewDataSource.swift in Sources */ = {isa = PBXBuildFile; fileRef = 6B0736FC1BFDCB83000E0E7D /* BothamTableViewDataSource.swift */; };
		6B0737001BFDCBF3000E0E7D /* BothamViewCell.swift in Sources */ = {isa = PBXBuildFile; fileRef = 6B0736FF1BFDCBF3000E0E7D /* BothamViewCell.swift */; };
		6B1BACCE1BDD27E100AC5E9B /* BothamUI.swift in Sources */ = {isa = PBXBuildFile; fileRef = 6B1BACCD1BDD27E100AC5E9B /* BothamUI.swift */; };
		6B2C2D1E1BFBB19B00576464 /* BothamTableViewController.swift in Sources */ = {isa = PBXBuildFile; fileRef = 6B2C2D1D1BFBB19B00576464 /* BothamTableViewController.swift */; };
		6B2D38AF1C4EAC2D00BC2B88 /* UICollectionView.swift in Sources */ = {isa = PBXBuildFile; fileRef = 6B2D38AE1C4EAC2D00BC2B88 /* UICollectionView.swift */; };
		6B6CCD341BDD0FFB0015A4D4 /* BothamUI.h in Headers */ = {isa = PBXBuildFile; fileRef = 6B6CCD331BDD0FFB0015A4D4 /* BothamUI.h */; settings = {ATTRIBUTES = (Public, ); }; };
		6B6CCD511BDD11810015A4D4 /* BothamViewController.swift in Sources */ = {isa = PBXBuildFile; fileRef = 6B6CCD501BDD11810015A4D4 /* BothamViewController.swift */; };
		6B6CCD531BDD12C40015A4D4 /* BothamPresenter.swift in Sources */ = {isa = PBXBuildFile; fileRef = 6B6CCD521BDD12C40015A4D4 /* BothamPresenter.swift */; };
		6B82AD471C075A16009247FB /* BothamPullToRefreshHandler.swift in Sources */ = {isa = PBXBuildFile; fileRef = 6B82AD461C075A16009247FB /* BothamPullToRefreshHandler.swift */; };
		6B82AD491C075A2C009247FB /* BothamPullToRefreshPresenter.swift in Sources */ = {isa = PBXBuildFile; fileRef = 6B82AD481C075A2C009247FB /* BothamPullToRefreshPresenter.swift */; };
		6B82AD4D1C077A0E009247FB /* BothamPullToResfreshUI.swift in Sources */ = {isa = PBXBuildFile; fileRef = 6B82AD4C1C077A0E009247FB /* BothamPullToResfreshUI.swift */; };
		6B82AD4F1C0780E9009247FB /* BothamPullToRefresh.swift in Sources */ = {isa = PBXBuildFile; fileRef = 6B82AD4E1C0780E9009247FB /* BothamPullToRefresh.swift */; };
		6B8E73281C101D240006F9E1 /* BothamViewDataSource.swift in Sources */ = {isa = PBXBuildFile; fileRef = 6B8E73271C101D240006F9E1 /* BothamViewDataSource.swift */; };
		6B8E732A1C101D8F0006F9E1 /* BothamNavigatorContainer.swift in Sources */ = {isa = PBXBuildFile; fileRef = 6B8E73291C101D8F0006F9E1 /* BothamNavigatorContainer.swift */; };
		6B8E732C1C101DBA0006F9E1 /* BothamNavigationPresenter.swift in Sources */ = {isa = PBXBuildFile; fileRef = 6B8E732B1C101DBA0006F9E1 /* BothamNavigationPresenter.swift */; };
		6B8E73311C101FA90006F9E1 /* BothamStoryboard.swift in Sources */ = {isa = PBXBuildFile; fileRef = 6B8E73301C101FA90006F9E1 /* BothamStoryboard.swift */; };
		6B8E73371C119C800006F9E1 /* UINavigationController.swift in Sources */ = {isa = PBXBuildFile; fileRef = 6B8E73361C119C800006F9E1 /* UINavigationController.swift */; };
		6BDE3E011BFE23B30030EB8B /* BothamCollectionViewController.swift in Sources */ = {isa = PBXBuildFile; fileRef = 6BDE3E001BFE23B30030EB8B /* BothamCollectionViewController.swift */; };
		6BDE3E091BFE41BF0030EB8B /* BothamCollectionViewDataSource.swift in Sources */ = {isa = PBXBuildFile; fileRef = 6BDE3E081BFE41BF0030EB8B /* BothamCollectionViewDataSource.swift */; };
		6BDE3E111BFFB4B40030EB8B /* BothamLoadingView.xib in Resources */ = {isa = PBXBuildFile; fileRef = 6BDE3E101BFFB4B40030EB8B /* BothamLoadingView.xib */; };
		6BDE3E131C03319D0030EB8B /* BothamLoadingView.swift in Sources */ = {isa = PBXBuildFile; fileRef = 6BDE3E121C03319D0030EB8B /* BothamLoadingView.swift */; };
		6BDE3E171C0355A40030EB8B /* BothamCustomView.swift in Sources */ = {isa = PBXBuildFile; fileRef = 6BDE3E161C0355A40030EB8B /* BothamCustomView.swift */; };
		6BDE3E1D1C0398390030EB8B /* NSBundle.swift in Sources */ = {isa = PBXBuildFile; fileRef = 6BDE3E1C1C0398390030EB8B /* NSBundle.swift */; };
		6BDE3E231C04BAFF0030EB8B /* BothamLoadingViewController.swift in Sources */ = {isa = PBXBuildFile; fileRef = 6BDE3E221C04BAFF0030EB8B /* BothamLoadingViewController.swift */; };
		6BDE3E251C04BB1F0030EB8B /* BothamLoadingUI.swift in Sources */ = {isa = PBXBuildFile; fileRef = 6BDE3E241C04BB1F0030EB8B /* BothamLoadingUI.swift */; };
		EBB63E421BFE5D5500DB3F8A /* DummyViewController.swift in Sources */ = {isa = PBXBuildFile; fileRef = EBB63E3F1BFE5D5500DB3F8A /* DummyViewController.swift */; };
		EBB63E431BFE5D5500DB3F8A /* SpyPresenter.swift in Sources */ = {isa = PBXBuildFile; fileRef = EBB63E401BFE5D5500DB3F8A /* SpyPresenter.swift */; };
		EBB63E441BFE5D5500DB3F8A /* SpyWireframe.swift in Sources */ = {isa = PBXBuildFile; fileRef = EBB63E411BFE5D5500DB3F8A /* SpyWireframe.swift */; };
		EBB63E461BFE5D5D00DB3F8A /* BothamViewControllerTest.swift in Sources */ = {isa = PBXBuildFile; fileRef = EBB63E451BFE5D5D00DB3F8A /* BothamViewControllerTest.swift */; };
		EBB63E481BFE5D6200DB3F8A /* WireframeTests.swift in Sources */ = {isa = PBXBuildFile; fileRef = EBB63E471BFE5D6200DB3F8A /* WireframeTests.swift */; };
		EBEC626B1BFE3A7300662B5F /* BothamUI.framework in Frameworks */ = {isa = PBXBuildFile; fileRef = 6B6CCD301BDD0FFB0015A4D4 /* BothamUI.framework */; };
		FF7C15451C5578A400A67DD7 /* BothamTableViewNavigationDelegate.swift in Sources */ = {isa = PBXBuildFile; fileRef = FF7C15441C5578A400A67DD7 /* BothamTableViewNavigationDelegate.swift */; };
/* End PBXBuildFile section */

/* Begin PBXContainerItemProxy section */
		EBEC626C1BFE3A7300662B5F /* PBXContainerItemProxy */ = {
			isa = PBXContainerItemProxy;
			containerPortal = 6B6CCD271BDD0FFB0015A4D4 /* Project object */;
			proxyType = 1;
			remoteGlobalIDString = 6B6CCD2F1BDD0FFB0015A4D4;
			remoteInfo = BothamUI;
		};
/* End PBXContainerItemProxy section */

/* Begin PBXFileReference section */
		0955C3E71675DF3E12853E18 /* Pods-BothamUIUnitTests.debug.xcconfig */ = {isa = PBXFileReference; includeInIndex = 1; lastKnownFileType = text.xcconfig; name = "Pods-BothamUIUnitTests.debug.xcconfig"; path = "Pods/Target Support Files/Pods-BothamUIUnitTests/Pods-BothamUIUnitTests.debug.xcconfig"; sourceTree = "<group>"; };
		1AF37E82FA1E8951B20CF920 /* Pods_BothamUIUnitTests.framework */ = {isa = PBXFileReference; explicitFileType = wrapper.framework; includeInIndex = 0; path = Pods_BothamUIUnitTests.framework; sourceTree = BUILT_PRODUCTS_DIR; };
		28655E756E2C312F243CEE4A /* Pods_BothamUnitTests.framework */ = {isa = PBXFileReference; explicitFileType = wrapper.framework; includeInIndex = 0; path = Pods_BothamUnitTests.framework; sourceTree = BUILT_PRODUCTS_DIR; };
		4C4B841725A0D71FEB1D4871 /* Pods-BothamUnitTests.debug.xcconfig */ = {isa = PBXFileReference; includeInIndex = 1; lastKnownFileType = text.xcconfig; name = "Pods-BothamUnitTests.debug.xcconfig"; path = "Pods/Target Support Files/Pods-BothamUnitTests/Pods-BothamUnitTests.debug.xcconfig"; sourceTree = "<group>"; };
		6B0736FC1BFDCB83000E0E7D /* BothamTableViewDataSource.swift */ = {isa = PBXFileReference; fileEncoding = 4; lastKnownFileType = sourcecode.swift; path = BothamTableViewDataSource.swift; sourceTree = "<group>"; };
		6B0736FF1BFDCBF3000E0E7D /* BothamViewCell.swift */ = {isa = PBXFileReference; fileEncoding = 4; lastKnownFileType = sourcecode.swift; path = BothamViewCell.swift; sourceTree = "<group>"; };
		6B1BACCD1BDD27E100AC5E9B /* BothamUI.swift */ = {isa = PBXFileReference; fileEncoding = 4; lastKnownFileType = sourcecode.swift; path = BothamUI.swift; sourceTree = "<group>"; };
		6B2C2D1D1BFBB19B00576464 /* BothamTableViewController.swift */ = {isa = PBXFileReference; fileEncoding = 4; lastKnownFileType = sourcecode.swift; path = BothamTableViewController.swift; sourceTree = "<group>"; };
		6B2D38AE1C4EAC2D00BC2B88 /* UICollectionView.swift */ = {isa = PBXFileReference; fileEncoding = 4; lastKnownFileType = sourcecode.swift; path = UICollectionView.swift; sourceTree = "<group>"; };
		6B6CCD301BDD0FFB0015A4D4 /* BothamUI.framework */ = {isa = PBXFileReference; explicitFileType = wrapper.framework; includeInIndex = 0; path = BothamUI.framework; sourceTree = BUILT_PRODUCTS_DIR; };
		6B6CCD331BDD0FFB0015A4D4 /* BothamUI.h */ = {isa = PBXFileReference; lastKnownFileType = sourcecode.c.h; name = BothamUI.h; path = Sources/BothamUI.h; sourceTree = "<group>"; };
		6B6CCD351BDD0FFB0015A4D4 /* Info.plist */ = {isa = PBXFileReference; lastKnownFileType = text.plist.xml; name = Info.plist; path = Sources/Info.plist; sourceTree = "<group>"; };
		6B6CCD501BDD11810015A4D4 /* BothamViewController.swift */ = {isa = PBXFileReference; fileEncoding = 4; lastKnownFileType = sourcecode.swift; path = BothamViewController.swift; sourceTree = "<group>"; };
		6B6CCD521BDD12C40015A4D4 /* BothamPresenter.swift */ = {isa = PBXFileReference; fileEncoding = 4; lastKnownFileType = sourcecode.swift; path = BothamPresenter.swift; sourceTree = "<group>"; };
		6B82AD461C075A16009247FB /* BothamPullToRefreshHandler.swift */ = {isa = PBXFileReference; fileEncoding = 4; lastKnownFileType = sourcecode.swift; path = BothamPullToRefreshHandler.swift; sourceTree = "<group>"; };
		6B82AD481C075A2C009247FB /* BothamPullToRefreshPresenter.swift */ = {isa = PBXFileReference; fileEncoding = 4; lastKnownFileType = sourcecode.swift; path = BothamPullToRefreshPresenter.swift; sourceTree = "<group>"; };
		6B82AD4C1C077A0E009247FB /* BothamPullToResfreshUI.swift */ = {isa = PBXFileReference; fileEncoding = 4; lastKnownFileType = sourcecode.swift; path = BothamPullToResfreshUI.swift; sourceTree = "<group>"; };
		6B82AD4E1C0780E9009247FB /* BothamPullToRefresh.swift */ = {isa = PBXFileReference; fileEncoding = 4; lastKnownFileType = sourcecode.swift; path = BothamPullToRefresh.swift; sourceTree = "<group>"; };
		6B8E73271C101D240006F9E1 /* BothamViewDataSource.swift */ = {isa = PBXFileReference; fileEncoding = 4; lastKnownFileType = sourcecode.swift; path = BothamViewDataSource.swift; sourceTree = "<group>"; };
		6B8E73291C101D8F0006F9E1 /* BothamNavigatorContainer.swift */ = {isa = PBXFileReference; fileEncoding = 4; lastKnownFileType = sourcecode.swift; path = BothamNavigatorContainer.swift; sourceTree = "<group>"; };
		6B8E732B1C101DBA0006F9E1 /* BothamNavigationPresenter.swift */ = {isa = PBXFileReference; fileEncoding = 4; lastKnownFileType = sourcecode.swift; path = BothamNavigationPresenter.swift; sourceTree = "<group>"; };
		6B8E73301C101FA90006F9E1 /* BothamStoryboard.swift */ = {isa = PBXFileReference; fileEncoding = 4; lastKnownFileType = sourcecode.swift; path = BothamStoryboard.swift; sourceTree = "<group>"; };
		6B8E73361C119C800006F9E1 /* UINavigationController.swift */ = {isa = PBXFileReference; fileEncoding = 4; lastKnownFileType = sourcecode.swift; path = UINavigationController.swift; sourceTree = "<group>"; };
		6BDE3E001BFE23B30030EB8B /* BothamCollectionViewController.swift */ = {isa = PBXFileReference; fileEncoding = 4; lastKnownFileType = sourcecode.swift; path = BothamCollectionViewController.swift; sourceTree = "<group>"; };
		6BDE3E081BFE41BF0030EB8B /* BothamCollectionViewDataSource.swift */ = {isa = PBXFileReference; fileEncoding = 4; lastKnownFileType = sourcecode.swift; path = BothamCollectionViewDataSource.swift; sourceTree = "<group>"; };
		6BDE3E101BFFB4B40030EB8B /* BothamLoadingView.xib */ = {isa = PBXFileReference; fileEncoding = 4; lastKnownFileType = file.xib; path = BothamLoadingView.xib; sourceTree = "<group>"; };
		6BDE3E121C03319D0030EB8B /* BothamLoadingView.swift */ = {isa = PBXFileReference; fileEncoding = 4; lastKnownFileType = sourcecode.swift; path = BothamLoadingView.swift; sourceTree = "<group>"; };
		6BDE3E161C0355A40030EB8B /* BothamCustomView.swift */ = {isa = PBXFileReference; fileEncoding = 4; lastKnownFileType = sourcecode.swift; path = BothamCustomView.swift; sourceTree = "<group>"; };
		6BDE3E1C1C0398390030EB8B /* NSBundle.swift */ = {isa = PBXFileReference; fileEncoding = 4; lastKnownFileType = sourcecode.swift; path = NSBundle.swift; sourceTree = "<group>"; };
		6BDE3E221C04BAFF0030EB8B /* BothamLoadingViewController.swift */ = {isa = PBXFileReference; fileEncoding = 4; lastKnownFileType = sourcecode.swift; path = BothamLoadingViewController.swift; sourceTree = "<group>"; };
		6BDE3E241C04BB1F0030EB8B /* BothamLoadingUI.swift */ = {isa = PBXFileReference; fileEncoding = 4; lastKnownFileType = sourcecode.swift; path = BothamLoadingUI.swift; sourceTree = "<group>"; };
		79EF6311B818596A2229FAEB /* Pods-BothamUnitTests.release.xcconfig */ = {isa = PBXFileReference; includeInIndex = 1; lastKnownFileType = text.xcconfig; name = "Pods-BothamUnitTests.release.xcconfig"; path = "Pods/Target Support Files/Pods-BothamUnitTests/Pods-BothamUnitTests.release.xcconfig"; sourceTree = "<group>"; };
		EA0B0EC999465C46E114B5C6 /* Pods-BothamUIUnitTests.release.xcconfig */ = {isa = PBXFileReference; includeInIndex = 1; lastKnownFileType = text.xcconfig; name = "Pods-BothamUIUnitTests.release.xcconfig"; path = "Pods/Target Support Files/Pods-BothamUIUnitTests/Pods-BothamUIUnitTests.release.xcconfig"; sourceTree = "<group>"; };
		EBB63E3F1BFE5D5500DB3F8A /* DummyViewController.swift */ = {isa = PBXFileReference; fileEncoding = 4; lastKnownFileType = sourcecode.swift; name = DummyViewController.swift; path = BothamUIUnitTests/DummyViewController.swift; sourceTree = SOURCE_ROOT; };
		EBB63E401BFE5D5500DB3F8A /* SpyPresenter.swift */ = {isa = PBXFileReference; fileEncoding = 4; lastKnownFileType = sourcecode.swift; name = SpyPresenter.swift; path = BothamUIUnitTests/SpyPresenter.swift; sourceTree = SOURCE_ROOT; };
		EBB63E411BFE5D5500DB3F8A /* SpyWireframe.swift */ = {isa = PBXFileReference; fileEncoding = 4; lastKnownFileType = sourcecode.swift; name = SpyWireframe.swift; path = BothamUIUnitTests/SpyWireframe.swift; sourceTree = SOURCE_ROOT; };
		EBB63E451BFE5D5D00DB3F8A /* BothamViewControllerTest.swift */ = {isa = PBXFileReference; fileEncoding = 4; lastKnownFileType = sourcecode.swift; name = BothamViewControllerTest.swift; path = BothamUIUnitTests/BothamViewControllerTest.swift; sourceTree = SOURCE_ROOT; };
		EBB63E471BFE5D6200DB3F8A /* WireframeTests.swift */ = {isa = PBXFileReference; fileEncoding = 4; lastKnownFileType = sourcecode.swift; name = WireframeTests.swift; path = BothamUIUnitTests/WireframeTests.swift; sourceTree = SOURCE_ROOT; };
		EBEC62661BFE3A7300662B5F /* BothamUIUnitTests.xctest */ = {isa = PBXFileReference; explicitFileType = wrapper.cfbundle; includeInIndex = 0; path = BothamUIUnitTests.xctest; sourceTree = BUILT_PRODUCTS_DIR; };
		EBEC626A1BFE3A7300662B5F /* Info.plist */ = {isa = PBXFileReference; lastKnownFileType = text.plist.xml; path = Info.plist; sourceTree = "<group>"; };
		FF7C15441C5578A400A67DD7 /* BothamTableViewNavigationDelegate.swift */ = {isa = PBXFileReference; fileEncoding = 4; lastKnownFileType = sourcecode.swift; path = BothamTableViewNavigationDelegate.swift; sourceTree = "<group>"; };
/* End PBXFileReference section */

/* Begin PBXFrameworksBuildPhase section */
		6B6CCD2C1BDD0FFB0015A4D4 /* Frameworks */ = {
			isa = PBXFrameworksBuildPhase;
			buildActionMask = 2147483647;
			files = (
			);
			runOnlyForDeploymentPostprocessing = 0;
		};
		EBEC62631BFE3A7300662B5F /* Frameworks */ = {
			isa = PBXFrameworksBuildPhase;
			buildActionMask = 2147483647;
			files = (
				EBEC626B1BFE3A7300662B5F /* BothamUI.framework in Frameworks */,
				168BBF004D2769ACD85FB91F /* Pods_BothamUIUnitTests.framework in Frameworks */,
			);
			runOnlyForDeploymentPostprocessing = 0;
		};
/* End PBXFrameworksBuildPhase section */

/* Begin PBXGroup section */
		2E0AFE0FF3BFFAF7B2BDA789 /* Pods */ = {
			isa = PBXGroup;
			children = (
				4C4B841725A0D71FEB1D4871 /* Pods-BothamUnitTests.debug.xcconfig */,
				79EF6311B818596A2229FAEB /* Pods-BothamUnitTests.release.xcconfig */,
				0955C3E71675DF3E12853E18 /* Pods-BothamUIUnitTests.debug.xcconfig */,
				EA0B0EC999465C46E114B5C6 /* Pods-BothamUIUnitTests.release.xcconfig */,
			);
			name = Pods;
			sourceTree = "<group>";
		};
		37DABA2E9A8E845F148F0BF2 /* Frameworks */ = {
			isa = PBXGroup;
			children = (
				28655E756E2C312F243CEE4A /* Pods_BothamUnitTests.framework */,
				1AF37E82FA1E8951B20CF920 /* Pods_BothamUIUnitTests.framework */,
			);
			name = Frameworks;
			sourceTree = "<group>";
		};
		6B0736FB1BFDCB5C000E0E7D /* ViewDataSource */ = {
			isa = PBXGroup;
			children = (
				6B0736FC1BFDCB83000E0E7D /* BothamTableViewDataSource.swift */,
				6BDE3E081BFE41BF0030EB8B /* BothamCollectionViewDataSource.swift */,
				6B8E73271C101D240006F9E1 /* BothamViewDataSource.swift */,
			);
			name = ViewDataSource;
			sourceTree = "<group>";
		};
		6B0736FE1BFDCBE3000E0E7D /* ViewCell */ = {
			isa = PBXGroup;
			children = (
				6B0736FF1BFDCBF3000E0E7D /* BothamViewCell.swift */,
			);
			name = ViewCell;
			sourceTree = "<group>";
		};
		6B6CCD261BDD0FFB0015A4D4 = {
			isa = PBXGroup;
			children = (
				6B6CCD321BDD0FFB0015A4D4 /* Sources */,
				6B6CCD331BDD0FFB0015A4D4 /* BothamUI.h */,
				6B6CCD351BDD0FFB0015A4D4 /* Info.plist */,
				EBEC62671BFE3A7300662B5F /* BothamUIUnitTests */,
				6B6CCD311BDD0FFB0015A4D4 /* Products */,
				2E0AFE0FF3BFFAF7B2BDA789 /* Pods */,
				37DABA2E9A8E845F148F0BF2 /* Frameworks */,
			);
			sourceTree = "<group>";
		};
		6B6CCD311BDD0FFB0015A4D4 /* Products */ = {
			isa = PBXGroup;
			children = (
				6B6CCD301BDD0FFB0015A4D4 /* BothamUI.framework */,
				EBEC62661BFE3A7300662B5F /* BothamUIUnitTests.xctest */,
			);
			name = Products;
			sourceTree = "<group>";
		};
		6B6CCD321BDD0FFB0015A4D4 /* Sources */ = {
			isa = PBXGroup;
			children = (
				6BDE3E1B1C0397FA0030EB8B /* Extensions */,
				6B82AD451C075A04009247FB /* ScrollView */,
				6BDE3E0A1BFFB2F20030EB8B /* UI */,
				6B0736FE1BFDCBE3000E0E7D /* ViewCell */,
				6B8E732D1C101E420006F9E1 /* Delegate */,
				6B0736FB1BFDCB5C000E0E7D /* ViewDataSource */,
				6B6CCD4B1BDD10CD0015A4D4 /* Presenter */,
				6B6CCD4A1BDD10C40015A4D4 /* ViewController */,
				6B6CCD541BDD13070015A4D4 /* Storyboard */,
				6B8E73241C0F5CDC0006F9E1 /* Navigator */,
			);
			path = Sources;
			sourceTree = "<group>";
		};
		6B6CCD4A1BDD10C40015A4D4 /* ViewController */ = {
			isa = PBXGroup;
			children = (
				6BDE3E001BFE23B30030EB8B /* BothamCollectionViewController.swift */,
				6BDE3E241C04BB1F0030EB8B /* BothamLoadingUI.swift */,
				6BDE3E221C04BAFF0030EB8B /* BothamLoadingViewController.swift */,
				6B2C2D1D1BFBB19B00576464 /* BothamTableViewController.swift */,
				6B1BACCD1BDD27E100AC5E9B /* BothamUI.swift */,
				6B6CCD501BDD11810015A4D4 /* BothamViewController.swift */,
				6B82AD4E1C0780E9009247FB /* BothamPullToRefresh.swift */,
			);
			name = ViewController;
			sourceTree = "<group>";
		};
		6B6CCD4B1BDD10CD0015A4D4 /* Presenter */ = {
			isa = PBXGroup;
			children = (
				6B6CCD521BDD12C40015A4D4 /* BothamPresenter.swift */,
				6B8E732B1C101DBA0006F9E1 /* BothamNavigationPresenter.swift */,
			);
			name = Presenter;
			sourceTree = "<group>";
		};
		6B6CCD541BDD13070015A4D4 /* Storyboard */ = {
			isa = PBXGroup;
			children = (
				6B8E73301C101FA90006F9E1 /* BothamStoryboard.swift */,
			);
			name = Storyboard;
			sourceTree = "<group>";
		};
		6B82AD451C075A04009247FB /* ScrollView */ = {
			isa = PBXGroup;
			children = (
				6B82AD461C075A16009247FB /* BothamPullToRefreshHandler.swift */,
				6B82AD481C075A2C009247FB /* BothamPullToRefreshPresenter.swift */,
				6B82AD4C1C077A0E009247FB /* BothamPullToResfreshUI.swift */,
			);
			name = ScrollView;
			sourceTree = "<group>";
		};
		6B8E73241C0F5CDC0006F9E1 /* Navigator */ = {
			isa = PBXGroup;
			children = (
				6B8E73291C101D8F0006F9E1 /* BothamNavigatorContainer.swift */,
			);
			name = Navigator;
			sourceTree = "<group>";
		};
		6B8E732D1C101E420006F9E1 /* Delegate */ = {
			isa = PBXGroup;
			children = (
				FF7C15441C5578A400A67DD7 /* BothamTableViewNavigationDelegate.swift */,
			);
			name = Delegate;
			sourceTree = "<group>";
		};
		6B97DB421BE8A99200EE96B7 /* TestDoubles */ = {
			isa = PBXGroup;
			children = (
				EBB63E3F1BFE5D5500DB3F8A /* DummyViewController.swift */,
				EBB63E401BFE5D5500DB3F8A /* SpyPresenter.swift */,
				EBB63E411BFE5D5500DB3F8A /* SpyWireframe.swift */,
			);
			name = TestDoubles;
			path = ../BothamUITests;
			sourceTree = "<group>";
		};
		6BDE3E0A1BFFB2F20030EB8B /* UI */ = {
			isa = PBXGroup;
			children = (
				6BDE3E101BFFB4B40030EB8B /* BothamLoadingView.xib */,
				6BDE3E121C03319D0030EB8B /* BothamLoadingView.swift */,
				6BDE3E161C0355A40030EB8B /* BothamCustomView.swift */,
			);
			name = UI;
			sourceTree = "<group>";
		};
		6BDE3E1B1C0397FA0030EB8B /* Extensions */ = {
			isa = PBXGroup;
			children = (
				6BDE3E1C1C0398390030EB8B /* NSBundle.swift */,
				6B8E73361C119C800006F9E1 /* UINavigationController.swift */,
				6B2D38AE1C4EAC2D00BC2B88 /* UICollectionView.swift */,
			);
			name = Extensions;
			sourceTree = "<group>";
		};
		EBEC62601BFE3A4D00662B5F /* Wireframe */ = {
			isa = PBXGroup;
			children = (
				EBB63E471BFE5D6200DB3F8A /* WireframeTests.swift */,
			);
			name = Wireframe;
			path = ../BothamUITests;
			sourceTree = "<group>";
		};
		EBEC62611BFE3A5400662B5F /* ViewController */ = {
			isa = PBXGroup;
			children = (
				EBB63E451BFE5D5D00DB3F8A /* BothamViewControllerTest.swift */,
			);
			name = ViewController;
			path = ../BothamUITests;
			sourceTree = "<group>";
		};
		EBEC62671BFE3A7300662B5F /* BothamUIUnitTests */ = {
			isa = PBXGroup;
			children = (
				6B97DB421BE8A99200EE96B7 /* TestDoubles */,
				EBEC62611BFE3A5400662B5F /* ViewController */,
				EBEC62601BFE3A4D00662B5F /* Wireframe */,
				EBEC626A1BFE3A7300662B5F /* Info.plist */,
			);
			path = BothamUIUnitTests;
			sourceTree = "<group>";
		};
/* End PBXGroup section */

/* Begin PBXHeadersBuildPhase section */
		6B6CCD2D1BDD0FFB0015A4D4 /* Headers */ = {
			isa = PBXHeadersBuildPhase;
			buildActionMask = 2147483647;
			files = (
				6B6CCD341BDD0FFB0015A4D4 /* BothamUI.h in Headers */,
			);
			runOnlyForDeploymentPostprocessing = 0;
		};
/* End PBXHeadersBuildPhase section */

/* Begin PBXNativeTarget section */
		6B6CCD2F1BDD0FFB0015A4D4 /* BothamUI */ = {
			isa = PBXNativeTarget;
			buildConfigurationList = 6B6CCD441BDD0FFB0015A4D4 /* Build configuration list for PBXNativeTarget "BothamUI" */;
			buildPhases = (
				6B6CCD2B1BDD0FFB0015A4D4 /* Sources */,
				6B6CCD2C1BDD0FFB0015A4D4 /* Frameworks */,
				6B6CCD2D1BDD0FFB0015A4D4 /* Headers */,
				6B6CCD2E1BDD0FFB0015A4D4 /* Resources */,
			);
			buildRules = (
			);
			dependencies = (
			);
			name = BothamUI;
			productName = BothamUI;
			productReference = 6B6CCD301BDD0FFB0015A4D4 /* BothamUI.framework */;
			productType = "com.apple.product-type.framework";
		};
		EBEC62651BFE3A7300662B5F /* BothamUIUnitTests */ = {
			isa = PBXNativeTarget;
			buildConfigurationList = EBEC626E1BFE3A7300662B5F /* Build configuration list for PBXNativeTarget "BothamUIUnitTests" */;
			buildPhases = (
				C3477870ABC504E089CEE066 /* Check Pods Manifest.lock */,
				EBEC62621BFE3A7300662B5F /* Sources */,
				EBEC62631BFE3A7300662B5F /* Frameworks */,
				EBEC62641BFE3A7300662B5F /* Resources */,
				9596ED742A51C653AA1012C1 /* Embed Pods Frameworks */,
				210F3AFB46DE57467F98933E /* Copy Pods Resources */,
			);
			buildRules = (
			);
			dependencies = (
				EBEC626D1BFE3A7300662B5F /* PBXTargetDependency */,
			);
			name = BothamUIUnitTests;
			productName = BothamUIUnitTests;
			productReference = EBEC62661BFE3A7300662B5F /* BothamUIUnitTests.xctest */;
			productType = "com.apple.product-type.bundle.unit-test";
		};
/* End PBXNativeTarget section */

/* Begin PBXProject section */
		6B6CCD271BDD0FFB0015A4D4 /* Project object */ = {
			isa = PBXProject;
			attributes = {
				LastSwiftUpdateCheck = 0710;
				LastUpgradeCheck = 0700;
				ORGANIZATIONNAME = "GoKarumi S.L.";
				TargetAttributes = {
					6B6CCD2F1BDD0FFB0015A4D4 = {
						CreatedOnToolsVersion = 7.0.1;
					};
					EBEC62651BFE3A7300662B5F = {
						CreatedOnToolsVersion = 7.1.1;
					};
				};
			};
			buildConfigurationList = 6B6CCD2A1BDD0FFB0015A4D4 /* Build configuration list for PBXProject "BothamUI" */;
			compatibilityVersion = "Xcode 3.2";
			developmentRegion = English;
			hasScannedForEncodings = 0;
			knownRegions = (
				en,
			);
			mainGroup = 6B6CCD261BDD0FFB0015A4D4;
			productRefGroup = 6B6CCD311BDD0FFB0015A4D4 /* Products */;
			projectDirPath = "";
			projectRoot = "";
			targets = (
				6B6CCD2F1BDD0FFB0015A4D4 /* BothamUI */,
				EBEC62651BFE3A7300662B5F /* BothamUIUnitTests */,
			);
		};
/* End PBXProject section */

/* Begin PBXResourcesBuildPhase section */
		6B6CCD2E1BDD0FFB0015A4D4 /* Resources */ = {
			isa = PBXResourcesBuildPhase;
			buildActionMask = 2147483647;
			files = (
				6BDE3E111BFFB4B40030EB8B /* BothamLoadingView.xib in Resources */,
			);
			runOnlyForDeploymentPostprocessing = 0;
		};
		EBEC62641BFE3A7300662B5F /* Resources */ = {
			isa = PBXResourcesBuildPhase;
			buildActionMask = 2147483647;
			files = (
			);
			runOnlyForDeploymentPostprocessing = 0;
		};
/* End PBXResourcesBuildPhase section */

/* Begin PBXShellScriptBuildPhase section */
		210F3AFB46DE57467F98933E /* Copy Pods Resources */ = {
			isa = PBXShellScriptBuildPhase;
			buildActionMask = 2147483647;
			files = (
			);
			inputPaths = (
			);
			name = "Copy Pods Resources";
			outputPaths = (
			);
			runOnlyForDeploymentPostprocessing = 0;
			shellPath = /bin/sh;
			shellScript = "\"${SRCROOT}/Pods/Target Support Files/Pods-BothamUIUnitTests/Pods-BothamUIUnitTests-resources.sh\"\n";
			showEnvVarsInLog = 0;
		};
		9596ED742A51C653AA1012C1 /* Embed Pods Frameworks */ = {
			isa = PBXShellScriptBuildPhase;
			buildActionMask = 2147483647;
			files = (
			);
			inputPaths = (
			);
			name = "Embed Pods Frameworks";
			outputPaths = (
			);
			runOnlyForDeploymentPostprocessing = 0;
			shellPath = /bin/sh;
			shellScript = "\"${SRCROOT}/Pods/Target Support Files/Pods-BothamUIUnitTests/Pods-BothamUIUnitTests-frameworks.sh\"\n";
			showEnvVarsInLog = 0;
		};
		C3477870ABC504E089CEE066 /* Check Pods Manifest.lock */ = {
			isa = PBXShellScriptBuildPhase;
			buildActionMask = 2147483647;
			files = (
			);
			inputPaths = (
			);
			name = "Check Pods Manifest.lock";
			outputPaths = (
			);
			runOnlyForDeploymentPostprocessing = 0;
			shellPath = /bin/sh;
			shellScript = "diff \"${PODS_ROOT}/../Podfile.lock\" \"${PODS_ROOT}/Manifest.lock\" > /dev/null\nif [[ $? != 0 ]] ; then\n    cat << EOM\nerror: The sandbox is not in sync with the Podfile.lock. Run 'pod install' or update your CocoaPods installation.\nEOM\n    exit 1\nfi\n";
			showEnvVarsInLog = 0;
		};
/* End PBXShellScriptBuildPhase section */

/* Begin PBXSourcesBuildPhase section */
		6B6CCD2B1BDD0FFB0015A4D4 /* Sources */ = {
			isa = PBXSourcesBuildPhase;
			buildActionMask = 2147483647;
			files = (
				6BDE3E1D1C0398390030EB8B /* NSBundle.swift in Sources */,
				6B2C2D1E1BFBB19B00576464 /* BothamTableViewController.swift in Sources */,
				6B8E73281C101D240006F9E1 /* BothamViewDataSource.swift in Sources */,
				6B8E73311C101FA90006F9E1 /* BothamStoryboard.swift in Sources */,
				6BDE3E231C04BAFF0030EB8B /* BothamLoadingViewController.swift in Sources */,
				6B6CCD531BDD12C40015A4D4 /* BothamPresenter.swift in Sources */,
				6B2D38AF1C4EAC2D00BC2B88 /* UICollectionView.swift in Sources */,
				6B1BACCE1BDD27E100AC5E9B /* BothamUI.swift in Sources */,
				FF7C15451C5578A400A67DD7 /* BothamTableViewNavigationDelegate.swift in Sources */,
				6BDE3E131C03319D0030EB8B /* BothamLoadingView.swift in Sources */,
				6B82AD4D1C077A0E009247FB /* BothamPullToResfreshUI.swift in Sources */,
				6B6CCD511BDD11810015A4D4 /* BothamViewController.swift in Sources */,
				6B8E732C1C101DBA0006F9E1 /* BothamNavigationPresenter.swift in Sources */,
				6BDE3E091BFE41BF0030EB8B /* BothamCollectionViewDataSource.swift in Sources */,
				6B82AD471C075A16009247FB /* BothamPullToRefreshHandler.swift in Sources */,
				6BDE3E251C04BB1F0030EB8B /* BothamLoadingUI.swift in Sources */,
				6B82AD4F1C0780E9009247FB /* BothamPullToRefresh.swift in Sources */,
				6B82AD491C075A2C009247FB /* BothamPullToRefreshPresenter.swift in Sources */,
				6B8E73371C119C800006F9E1 /* UINavigationController.swift in Sources */,
				6BDE3E011BFE23B30030EB8B /* BothamCollectionViewController.swift in Sources */,
				6BDE3E171C0355A40030EB8B /* BothamCustomView.swift in Sources */,
				6B0737001BFDCBF3000E0E7D /* BothamViewCell.swift in Sources */,
				6B0736FD1BFDCB83000E0E7D /* BothamTableViewDataSource.swift in Sources */,
				6B8E732A1C101D8F0006F9E1 /* BothamNavigatorContainer.swift in Sources */,
			);
			runOnlyForDeploymentPostprocessing = 0;
		};
		EBEC62621BFE3A7300662B5F /* Sources */ = {
			isa = PBXSourcesBuildPhase;
			buildActionMask = 2147483647;
			files = (
				EBB63E441BFE5D5500DB3F8A /* SpyWireframe.swift in Sources */,
				EBB63E421BFE5D5500DB3F8A /* DummyViewController.swift in Sources */,
				EBB63E431BFE5D5500DB3F8A /* SpyPresenter.swift in Sources */,
				EBB63E461BFE5D5D00DB3F8A /* BothamViewControllerTest.swift in Sources */,
				EBB63E481BFE5D6200DB3F8A /* WireframeTests.swift in Sources */,
			);
			runOnlyForDeploymentPostprocessing = 0;
		};
/* End PBXSourcesBuildPhase section */

/* Begin PBXTargetDependency section */
		EBEC626D1BFE3A7300662B5F /* PBXTargetDependency */ = {
			isa = PBXTargetDependency;
			target = 6B6CCD2F1BDD0FFB0015A4D4 /* BothamUI */;
			targetProxy = EBEC626C1BFE3A7300662B5F /* PBXContainerItemProxy */;
		};
/* End PBXTargetDependency section */

/* Begin XCBuildConfiguration section */
		6B6CCD421BDD0FFB0015A4D4 /* Debug */ = {
			isa = XCBuildConfiguration;
			buildSettings = {
				ALWAYS_SEARCH_USER_PATHS = NO;
				CLANG_CXX_LANGUAGE_STANDARD = "gnu++0x";
				CLANG_CXX_LIBRARY = "libc++";
				CLANG_ENABLE_MODULES = YES;
				CLANG_ENABLE_OBJC_ARC = YES;
				CLANG_WARN_BOOL_CONVERSION = YES;
				CLANG_WARN_CONSTANT_CONVERSION = YES;
				CLANG_WARN_DIRECT_OBJC_ISA_USAGE = YES_ERROR;
				CLANG_WARN_EMPTY_BODY = YES;
				CLANG_WARN_ENUM_CONVERSION = YES;
				CLANG_WARN_INT_CONVERSION = YES;
				CLANG_WARN_OBJC_ROOT_CLASS = YES_ERROR;
				CLANG_WARN_UNREACHABLE_CODE = YES;
				CLANG_WARN__DUPLICATE_METHOD_MATCH = YES;
				"CODE_SIGN_IDENTITY[sdk=iphoneos*]" = "iPhone Developer";
				COPY_PHASE_STRIP = NO;
				CURRENT_PROJECT_VERSION = 1;
				DEBUG_INFORMATION_FORMAT = dwarf;
				ENABLE_STRICT_OBJC_MSGSEND = YES;
				ENABLE_TESTABILITY = YES;
				GCC_C_LANGUAGE_STANDARD = gnu99;
				GCC_DYNAMIC_NO_PIC = NO;
				GCC_NO_COMMON_BLOCKS = YES;
				GCC_OPTIMIZATION_LEVEL = 0;
				GCC_PREPROCESSOR_DEFINITIONS = (
					"DEBUG=1",
					"$(inherited)",
				);
				GCC_WARN_64_TO_32_BIT_CONVERSION = YES;
				GCC_WARN_ABOUT_RETURN_TYPE = YES_ERROR;
				GCC_WARN_UNDECLARED_SELECTOR = YES;
				GCC_WARN_UNINITIALIZED_AUTOS = YES_AGGRESSIVE;
				GCC_WARN_UNUSED_FUNCTION = YES;
				GCC_WARN_UNUSED_VARIABLE = YES;
				IPHONEOS_DEPLOYMENT_TARGET = 9.0;
				MTL_ENABLE_DEBUG_INFO = YES;
				ONLY_ACTIVE_ARCH = YES;
				SDKROOT = iphoneos;
				SWIFT_OPTIMIZATION_LEVEL = "-Onone";
				TARGETED_DEVICE_FAMILY = "1,2";
				VERSIONING_SYSTEM = "apple-generic";
				VERSION_INFO_PREFIX = "";
			};
			name = Debug;
		};
		6B6CCD431BDD0FFB0015A4D4 /* Release */ = {
			isa = XCBuildConfiguration;
			buildSettings = {
				ALWAYS_SEARCH_USER_PATHS = NO;
				CLANG_CXX_LANGUAGE_STANDARD = "gnu++0x";
				CLANG_CXX_LIBRARY = "libc++";
				CLANG_ENABLE_MODULES = YES;
				CLANG_ENABLE_OBJC_ARC = YES;
				CLANG_WARN_BOOL_CONVERSION = YES;
				CLANG_WARN_CONSTANT_CONVERSION = YES;
				CLANG_WARN_DIRECT_OBJC_ISA_USAGE = YES_ERROR;
				CLANG_WARN_EMPTY_BODY = YES;
				CLANG_WARN_ENUM_CONVERSION = YES;
				CLANG_WARN_INT_CONVERSION = YES;
				CLANG_WARN_OBJC_ROOT_CLASS = YES_ERROR;
				CLANG_WARN_UNREACHABLE_CODE = YES;
				CLANG_WARN__DUPLICATE_METHOD_MATCH = YES;
				"CODE_SIGN_IDENTITY[sdk=iphoneos*]" = "iPhone Developer";
				COPY_PHASE_STRIP = NO;
				CURRENT_PROJECT_VERSION = 1;
				DEBUG_INFORMATION_FORMAT = "dwarf-with-dsym";
				ENABLE_NS_ASSERTIONS = NO;
				ENABLE_STRICT_OBJC_MSGSEND = YES;
				GCC_C_LANGUAGE_STANDARD = gnu99;
				GCC_NO_COMMON_BLOCKS = YES;
				GCC_WARN_64_TO_32_BIT_CONVERSION = YES;
				GCC_WARN_ABOUT_RETURN_TYPE = YES_ERROR;
				GCC_WARN_UNDECLARED_SELECTOR = YES;
				GCC_WARN_UNINITIALIZED_AUTOS = YES_AGGRESSIVE;
				GCC_WARN_UNUSED_FUNCTION = YES;
				GCC_WARN_UNUSED_VARIABLE = YES;
				IPHONEOS_DEPLOYMENT_TARGET = 9.0;
				MTL_ENABLE_DEBUG_INFO = NO;
				SDKROOT = iphoneos;
				TARGETED_DEVICE_FAMILY = "1,2";
				VALIDATE_PRODUCT = YES;
				VERSIONING_SYSTEM = "apple-generic";
				VERSION_INFO_PREFIX = "";
			};
			name = Release;
		};
		6B6CCD451BDD0FFB0015A4D4 /* Debug */ = {
			isa = XCBuildConfiguration;
			buildSettings = {
				CLANG_ENABLE_MODULES = YES;
				DEFINES_MODULE = YES;
				DYLIB_COMPATIBILITY_VERSION = 1;
				DYLIB_CURRENT_VERSION = 1;
				DYLIB_INSTALL_NAME_BASE = "@rpath";
				INFOPLIST_FILE = Sources/Info.plist;
				INSTALL_PATH = "$(LOCAL_LIBRARY_DIR)/Frameworks";
				LD_RUNPATH_SEARCH_PATHS = "$(inherited) @executable_path/Frameworks @loader_path/Frameworks";
				PRODUCT_BUNDLE_IDENTIFIER = com.karumi.BothamUI;
				PRODUCT_NAME = "$(TARGET_NAME)";
				SKIP_INSTALL = YES;
				SWIFT_OPTIMIZATION_LEVEL = "-Onone";
			};
			name = Debug;
		};
		6B6CCD461BDD0FFB0015A4D4 /* Release */ = {
			isa = XCBuildConfiguration;
			buildSettings = {
				CLANG_ENABLE_MODULES = YES;
				DEFINES_MODULE = YES;
				DYLIB_COMPATIBILITY_VERSION = 1;
				DYLIB_CURRENT_VERSION = 1;
				DYLIB_INSTALL_NAME_BASE = "@rpath";
				INFOPLIST_FILE = Sources/Info.plist;
				INSTALL_PATH = "$(LOCAL_LIBRARY_DIR)/Frameworks";
				LD_RUNPATH_SEARCH_PATHS = "$(inherited) @executable_path/Frameworks @loader_path/Frameworks";
				PRODUCT_BUNDLE_IDENTIFIER = com.karumi.BothamUI;
				PRODUCT_NAME = "$(TARGET_NAME)";
				SKIP_INSTALL = YES;
			};
			name = Release;
		};
		EBEC626F1BFE3A7300662B5F /* Debug */ = {
			isa = XCBuildConfiguration;
			baseConfigurationReference = 0955C3E71675DF3E12853E18 /* Pods-BothamUIUnitTests.debug.xcconfig */;
			buildSettings = {
				CLANG_ENABLE_MODULES = YES;
				INFOPLIST_FILE = BothamUIUnitTests/Info.plist;
				IPHONEOS_DEPLOYMENT_TARGET = 9.1;
				LD_RUNPATH_SEARCH_PATHS = "$(inherited) @executable_path/Frameworks @loader_path/Frameworks";
				PRODUCT_BUNDLE_IDENTIFIER = com.karumi.marvelapiclient.BothamUIUnitTests;
				PRODUCT_NAME = "$(TARGET_NAME)";
				SWIFT_OPTIMIZATION_LEVEL = "-Onone";
			};
			name = Debug;
		};
		EBEC62701BFE3A7300662B5F /* Release */ = {
			isa = XCBuildConfiguration;
			baseConfigurationReference = EA0B0EC999465C46E114B5C6 /* Pods-BothamUIUnitTests.release.xcconfig */;
			buildSettings = {
				CLANG_ENABLE_MODULES = YES;
				INFOPLIST_FILE = BothamUIUnitTests/Info.plist;
				IPHONEOS_DEPLOYMENT_TARGET = 9.1;
				LD_RUNPATH_SEARCH_PATHS = "$(inherited) @executable_path/Frameworks @loader_path/Frameworks";
				PRODUCT_BUNDLE_IDENTIFIER = com.karumi.marvelapiclient.BothamUIUnitTests;
				PRODUCT_NAME = "$(TARGET_NAME)";
			};
			name = Release;
		};
/* End XCBuildConfiguration section */

/* Begin XCConfigurationList section */
		6B6CCD2A1BDD0FFB0015A4D4 /* Build configuration list for PBXProject "BothamUI" */ = {
			isa = XCConfigurationList;
			buildConfigurations = (
				6B6CCD421BDD0FFB0015A4D4 /* Debug */,
				6B6CCD431BDD0FFB0015A4D4 /* Release */,
			);
			defaultConfigurationIsVisible = 0;
			defaultConfigurationName = Release;
		};
		6B6CCD441BDD0FFB0015A4D4 /* Build configuration list for PBXNativeTarget "BothamUI" */ = {
			isa = XCConfigurationList;
			buildConfigurations = (
				6B6CCD451BDD0FFB0015A4D4 /* Debug */,
				6B6CCD461BDD0FFB0015A4D4 /* Release */,
			);
			defaultConfigurationIsVisible = 0;
			defaultConfigurationName = Release;
		};
		EBEC626E1BFE3A7300662B5F /* Build configuration list for PBXNativeTarget "BothamUIUnitTests" */ = {
			isa = XCConfigurationList;
			buildConfigurations = (
				EBEC626F1BFE3A7300662B5F /* Debug */,
				EBEC62701BFE3A7300662B5F /* Release */,
			);
			defaultConfigurationIsVisible = 0;
			defaultConfigurationName = Release;
		};
/* End XCConfigurationList section */
	};
	rootObject = 6B6CCD271BDD0FFB0015A4D4 /* Project object */;
}
