// !$*UTF8*$!
{
	archiveVersion = 1;
	classes = {
	};
	objectVersion = 46;
	objects = {

/* Begin PBXBuildFile section */
		2CC29345B9DBD60055933D8F /* Pods_Example.framework in Frameworks */ = {isa = PBXBuildFile; fileRef = 1D4C154F33C68A95C05026C9 /* Pods_Example.framework */; };
		491AFB001C24000B00F8574D /* LaunchScreen.storyboard in Resources */ = {isa = PBXBuildFile; fileRef = 491AFAFF1C24000B00F8574D /* LaunchScreen.storyboard */; };
		491AFB041C241C4500F8574D /* ManifoldCF-Light.otf in Resources */ = {isa = PBXBuildFile; fileRef = 491AFB021C241C1700F8574D /* ManifoldCF-Light.otf */; };
		491AFB051C241C4500F8574D /* ManifoldCF-Regular.otf in Resources */ = {isa = PBXBuildFile; fileRef = 491AFB031C241C1700F8574D /* ManifoldCF-Regular.otf */; };
		6AB5B208B9725DB1CB5B0829 /* Pods_ExampleTests.framework in Frameworks */ = {isa = PBXBuildFile; fileRef = AC17EACDA99BFBD45DF05CE1 /* Pods_ExampleTests.framework */; };
		6B0737051BFDCEB4000E0E7D /* Character.swift in Sources */ = {isa = PBXBuildFile; fileRef = 6B0737041BFDCEB4000E0E7D /* Character.swift */; };
		6B0737071BFDCEE4000E0E7D /* CharactersNavigationController.swift in Sources */ = {isa = PBXBuildFile; fileRef = 6B0737061BFDCEE4000E0E7D /* CharactersNavigationController.swift */; };
		6B0737091BFDCF67000E0E7D /* CharactersPresenter.swift in Sources */ = {isa = PBXBuildFile; fileRef = 6B0737081BFDCF67000E0E7D /* CharactersPresenter.swift */; };
		6B07370B1BFDCF98000E0E7D /* CharacterTableViewCell.swift in Sources */ = {isa = PBXBuildFile; fileRef = 6B07370A1BFDCF98000E0E7D /* CharacterTableViewCell.swift */; };
		6B07370D1BFDD45D000E0E7D /* CharactersUI.swift in Sources */ = {isa = PBXBuildFile; fileRef = 6B07370C1BFDD45D000E0E7D /* CharactersUI.swift */; };
		6B1BACD01BDD2BC100AC5E9B /* CharacterDetailUI.swift in Sources */ = {isa = PBXBuildFile; fileRef = 6B1BACCF1BDD2BC100AC5E9B /* CharacterDetailUI.swift */; };
		6B1BACD21BDD2BF800AC5E9B /* RootWireframe.swift in Sources */ = {isa = PBXBuildFile; fileRef = 6B1BACD11BDD2BF800AC5E9B /* RootWireframe.swift */; };
		6B1BACD41BDD2C5D00AC5E9B /* CharacterDetailPresenter.swift in Sources */ = {isa = PBXBuildFile; fileRef = 6B1BACD31BDD2C5D00AC5E9B /* CharacterDetailPresenter.swift */; };
		6B2C2D1C1BFBB0FF00576464 /* CharactersViewController.swift in Sources */ = {isa = PBXBuildFile; fileRef = 6B2C2D1B1BFBB0FF00576464 /* CharactersViewController.swift */; };
		6B6B09291BDD1A830013891D /* AppDelegate.swift in Sources */ = {isa = PBXBuildFile; fileRef = 6B6B09281BDD1A830013891D /* AppDelegate.swift */; };
		6B6B092E1BDD1A830013891D /* Main.storyboard in Resources */ = {isa = PBXBuildFile; fileRef = 6B6B092C1BDD1A830013891D /* Main.storyboard */; };
		6B6B09301BDD1A830013891D /* Assets.xcassets in Resources */ = {isa = PBXBuildFile; fileRef = 6B6B092F1BDD1A830013891D /* Assets.xcassets */; };
		6B82AD391C062497009247FB /* ExampleTests.swift in Sources */ = {isa = PBXBuildFile; fileRef = 6B82AD381C062497009247FB /* ExampleTests.swift */; };
		6B82AD411C074322009247FB /* FakeSeriesUI.swift in Sources */ = {isa = PBXBuildFile; fileRef = 6B82AD401C074322009247FB /* FakeSeriesUI.swift */; };
		6B82AD441C0743EB009247FB /* FakeBothamLoadingUI.swift in Sources */ = {isa = PBXBuildFile; fileRef = 6B82AD431C0743EB009247FB /* FakeBothamLoadingUI.swift */; };
		6B82AD4B1C075DC5009247FB /* FakeCharactersUI.swift in Sources */ = {isa = PBXBuildFile; fileRef = 6B82AD4A1C075DC5009247FB /* FakeCharactersUI.swift */; };
		6B82AD511C08B511009247FB /* FakeBothamPullToResfreshUI.swift in Sources */ = {isa = PBXBuildFile; fileRef = 6B82AD501C08B511009247FB /* FakeBothamPullToResfreshUI.swift */; };
		6B8B14711C4EAB600054DCE6 /* ComicCollectionViewCell.xib in Resources */ = {isa = PBXBuildFile; fileRef = 6B8B14701C4EAB600054DCE6 /* ComicCollectionViewCell.xib */; };
		6B8E73331C10AA700006F9E1 /* CharactersWireframe.swift in Sources */ = {isa = PBXBuildFile; fileRef = 6B8E73321C10AA700006F9E1 /* CharactersWireframe.swift */; };
		6B8E73351C10EDD10006F9E1 /* SeriesWireframe.swift in Sources */ = {isa = PBXBuildFile; fileRef = 6B8E73341C10EDD10006F9E1 /* SeriesWireframe.swift */; };
		6B8E73391C11AA3F0006F9E1 /* FakeSeriesWireframe.swift in Sources */ = {isa = PBXBuildFile; fileRef = 6B8E73381C11AA3F0006F9E1 /* FakeSeriesWireframe.swift */; };
		6B8E733B1C11AD640006F9E1 /* ExampleWireframe.swift in Sources */ = {isa = PBXBuildFile; fileRef = 6B8E733A1C11AD640006F9E1 /* ExampleWireframe.swift */; };
		6B8E733D1C11B55D0006F9E1 /* Expectation.swift in Sources */ = {isa = PBXBuildFile; fileRef = 6B8E733C1C11B55D0006F9E1 /* Expectation.swift */; };
		6B8E73401C11B5890006F9E1 /* Expectation.swift in Sources */ = {isa = PBXBuildFile; fileRef = 6B8E733F1C11B5890006F9E1 /* Expectation.swift */; };
		6BB5CD951BDD2D670009C2F0 /* ServiceLocator.swift in Sources */ = {isa = PBXBuildFile; fileRef = 6BB5CD941BDD2D670009C2F0 /* ServiceLocator.swift */; };
		6BDE3DF81BFE0DEE0030EB8B /* SeriesNavigationController.swift in Sources */ = {isa = PBXBuildFile; fileRef = 6BDE3DF71BFE0DEE0030EB8B /* SeriesNavigationController.swift */; };
		6BDE3DFA1BFE0E760030EB8B /* SeriesViewController.swift in Sources */ = {isa = PBXBuildFile; fileRef = 6BDE3DF91BFE0E760030EB8B /* SeriesViewController.swift */; };
		6BDE3DFD1BFE0F010030EB8B /* SeriesPresenter.swift in Sources */ = {isa = PBXBuildFile; fileRef = 6BDE3DFC1BFE0F010030EB8B /* SeriesPresenter.swift */; };
		6BDE3DFF1BFE0F4A0030EB8B /* SeriesUI.swift in Sources */ = {isa = PBXBuildFile; fileRef = 6BDE3DFE1BFE0F4A0030EB8B /* SeriesUI.swift */; };
		6BDE3E041BFE24A30030EB8B /* Series.swift in Sources */ = {isa = PBXBuildFile; fileRef = 6BDE3E031BFE24A30030EB8B /* Series.swift */; };
		6BDE3E071BFE283A0030EB8B /* SeriesTableViewCell.swift in Sources */ = {isa = PBXBuildFile; fileRef = 6BDE3E061BFE283A0030EB8B /* SeriesTableViewCell.swift */; };
		6BDE3E1A1C0392ED0030EB8B /* Dispatch.swift in Sources */ = {isa = PBXBuildFile; fileRef = 6BDE3E191C0392ED0030EB8B /* Dispatch.swift */; };
		6BDE3E1F1C04A3290030EB8B /* ExampleViewController.swift in Sources */ = {isa = PBXBuildFile; fileRef = 6BDE3E1E1C04A3290030EB8B /* ExampleViewController.swift */; };
		D0216A57D96557DB5D28B4E0 /* Pods_ExampleAcceptanceTests.framework in Frameworks */ = {isa = PBXBuildFile; fileRef = BD3B00CD55A824F7D88F99E1 /* Pods_ExampleAcceptanceTests.framework */; };
		EB142D291C294BB500F2E920 /* UIFont.swift in Sources */ = {isa = PBXBuildFile; fileRef = EB142D281C294BB500F2E920 /* UIFont.swift */; };
		EB142D2D1C296F1800F2E920 /* SeriesDetailUI.swift in Sources */ = {isa = PBXBuildFile; fileRef = EB142D2C1C296F1800F2E920 /* SeriesDetailUI.swift */; };
		EB142D2F1C29789300F2E920 /* Comic.swift in Sources */ = {isa = PBXBuildFile; fileRef = EB142D2E1C29789300F2E920 /* Comic.swift */; };
		EB142D311C2978C900F2E920 /* ComicCollectionViewCell.swift in Sources */ = {isa = PBXBuildFile; fileRef = EB142D301C2978C900F2E920 /* ComicCollectionViewCell.swift */; };
		EB2DA1C21C299A1D00783B32 /* Gidole-Regular.ttf in Resources */ = {isa = PBXBuildFile; fileRef = EB2DA1C11C299A1D00783B32 /* Gidole-Regular.ttf */; };
		EB2DA1C41C29A52A00783B32 /* SeriesDetailCollectionHeaderView.swift in Sources */ = {isa = PBXBuildFile; fileRef = EB2DA1C31C29A52A00783B32 /* SeriesDetailCollectionHeaderView.swift */; };
		EB2DA1C61C29CD4D00783B32 /* SeriesDetailViewControllerTests.swift in Sources */ = {isa = PBXBuildFile; fileRef = EB2DA1C51C29CD4D00783B32 /* SeriesDetailViewControllerTests.swift */; };
		EB4D7C4C1C2A9E5300A8803A /* SeriesDetailCollectionViewDataSource.swift in Sources */ = {isa = PBXBuildFile; fileRef = EB4D7C4B1C2A9E5300A8803A /* SeriesDetailCollectionViewDataSource.swift */; };
		EB7978971C2835B20075BD82 /* SeriesDetailViewController.swift in Sources */ = {isa = PBXBuildFile; fileRef = EB7978961C2835B20075BD82 /* SeriesDetailViewController.swift */; };
		EB7978991C2835C70075BD82 /* SeriesDetailPresenter.swift in Sources */ = {isa = PBXBuildFile; fileRef = EB7978981C2835C70075BD82 /* SeriesDetailPresenter.swift */; };
		EB7B641F1C2422F600422325 /* UIColor.swift in Sources */ = {isa = PBXBuildFile; fileRef = EB7B641E1C2422F600422325 /* UIColor.swift */; };
		EB9A492E1C07536800BF4D55 /* XCTestCase.swift in Sources */ = {isa = PBXBuildFile; fileRef = EB9A492D1C07536800BF4D55 /* XCTestCase.swift */; };
		EB9A49301C07538100BF4D55 /* KIFTestActor.swift in Sources */ = {isa = PBXBuildFile; fileRef = EB9A492F1C07538100BF4D55 /* KIFTestActor.swift */; };
		EB9A49361C07544B00BF4D55 /* MainViewControllerTests.swift in Sources */ = {isa = PBXBuildFile; fileRef = EB9A49351C07544B00BF4D55 /* MainViewControllerTests.swift */; };
		EB9A49391C0757B300BF4D55 /* CharactersViewControllerTests.swift in Sources */ = {isa = PBXBuildFile; fileRef = EB9A49381C0757B300BF4D55 /* CharactersViewControllerTests.swift */; };
		EB9A493C1C075A8100BF4D55 /* SeriessViewControllerTests.swift in Sources */ = {isa = PBXBuildFile; fileRef = EB9A493B1C075A8100BF4D55 /* SeriessViewControllerTests.swift */; };
		EB9A49441C076B1600BF4D55 /* AcceptanceTestCase.swift in Sources */ = {isa = PBXBuildFile; fileRef = EB9A49431C076B1600BF4D55 /* AcceptanceTestCase.swift */; };
/* End PBXBuildFile section */

/* Begin PBXContainerItemProxy section */
		6B82AD3B1C062497009247FB /* PBXContainerItemProxy */ = {
			isa = PBXContainerItemProxy;
			containerPortal = 6B6B091D1BDD1A820013891D /* Project object */;
			proxyType = 1;
			remoteGlobalIDString = 6B6B09241BDD1A830013891D;
			remoteInfo = Example;
		};
		EB9A49271C07529200BF4D55 /* PBXContainerItemProxy */ = {
			isa = PBXContainerItemProxy;
			containerPortal = 6B6B091D1BDD1A820013891D /* Project object */;
			proxyType = 1;
			remoteGlobalIDString = 6B6B09241BDD1A830013891D;
			remoteInfo = Example;
		};
/* End PBXContainerItemProxy section */

/* Begin PBXFileReference section */
		0D335B615439FBA890D16E71 /* Pods-Example.release.xcconfig */ = {isa = PBXFileReference; includeInIndex = 1; lastKnownFileType = text.xcconfig; name = "Pods-Example.release.xcconfig"; path = "../Pods/Target Support Files/Pods-Example/Pods-Example.release.xcconfig"; sourceTree = "<group>"; };
		1D4C154F33C68A95C05026C9 /* Pods_Example.framework */ = {isa = PBXFileReference; explicitFileType = wrapper.framework; includeInIndex = 0; path = Pods_Example.framework; sourceTree = BUILT_PRODUCTS_DIR; };
		35B163CE0DC7AF697E4632CE /* Pods_ExampleUITests.framework */ = {isa = PBXFileReference; explicitFileType = wrapper.framework; includeInIndex = 0; path = Pods_ExampleUITests.framework; sourceTree = BUILT_PRODUCTS_DIR; };
		39F4FD41D603422B68DA1AC8 /* Pods-ExampleTests.release.xcconfig */ = {isa = PBXFileReference; includeInIndex = 1; lastKnownFileType = text.xcconfig; name = "Pods-ExampleTests.release.xcconfig"; path = "../Pods/Target Support Files/Pods-ExampleTests/Pods-ExampleTests.release.xcconfig"; sourceTree = "<group>"; };
		491AFAFF1C24000B00F8574D /* LaunchScreen.storyboard */ = {isa = PBXFileReference; fileEncoding = 4; lastKnownFileType = file.storyboard; name = LaunchScreen.storyboard; path = ../LaunchScreen.storyboard; sourceTree = "<group>"; };
		491AFB021C241C1700F8574D /* ManifoldCF-Light.otf */ = {isa = PBXFileReference; lastKnownFileType = file; path = "ManifoldCF-Light.otf"; sourceTree = "<group>"; };
		491AFB031C241C1700F8574D /* ManifoldCF-Regular.otf */ = {isa = PBXFileReference; lastKnownFileType = file; path = "ManifoldCF-Regular.otf"; sourceTree = "<group>"; };
		516B3CF49355166A2C927001 /* Pods-ExampleUITests.debug.xcconfig */ = {isa = PBXFileReference; includeInIndex = 1; lastKnownFileType = text.xcconfig; name = "Pods-ExampleUITests.debug.xcconfig"; path = "../Pods/Target Support Files/Pods-ExampleUITests/Pods-ExampleUITests.debug.xcconfig"; sourceTree = "<group>"; };
		52612E8081519E1D866451B7 /* Pods-Example.debug.xcconfig */ = {isa = PBXFileReference; includeInIndex = 1; lastKnownFileType = text.xcconfig; name = "Pods-Example.debug.xcconfig"; path = "../Pods/Target Support Files/Pods-Example/Pods-Example.debug.xcconfig"; sourceTree = "<group>"; };
		5DDCD4FFC4D496BB86036BC1 /* Pods-ExampleUITests.release.xcconfig */ = {isa = PBXFileReference; includeInIndex = 1; lastKnownFileType = text.xcconfig; name = "Pods-ExampleUITests.release.xcconfig"; path = "../Pods/Target Support Files/Pods-ExampleUITests/Pods-ExampleUITests.release.xcconfig"; sourceTree = "<group>"; };
		6B0737041BFDCEB4000E0E7D /* Character.swift */ = {isa = PBXFileReference; fileEncoding = 4; lastKnownFileType = sourcecode.swift; path = Character.swift; sourceTree = "<group>"; };
		6B0737061BFDCEE4000E0E7D /* CharactersNavigationController.swift */ = {isa = PBXFileReference; fileEncoding = 4; lastKnownFileType = sourcecode.swift; path = CharactersNavigationController.swift; sourceTree = "<group>"; };
		6B0737081BFDCF67000E0E7D /* CharactersPresenter.swift */ = {isa = PBXFileReference; fileEncoding = 4; lastKnownFileType = sourcecode.swift; path = CharactersPresenter.swift; sourceTree = "<group>"; };
		6B07370A1BFDCF98000E0E7D /* CharacterTableViewCell.swift */ = {isa = PBXFileReference; fileEncoding = 4; lastKnownFileType = sourcecode.swift; path = CharacterTableViewCell.swift; sourceTree = "<group>"; };
		6B07370C1BFDD45D000E0E7D /* CharactersUI.swift */ = {isa = PBXFileReference; fileEncoding = 4; lastKnownFileType = sourcecode.swift; path = CharactersUI.swift; sourceTree = "<group>"; };
		6B1BACCF1BDD2BC100AC5E9B /* CharacterDetailUI.swift */ = {isa = PBXFileReference; fileEncoding = 4; lastKnownFileType = sourcecode.swift; path = CharacterDetailUI.swift; sourceTree = "<group>"; };
		6B1BACD11BDD2BF800AC5E9B /* RootWireframe.swift */ = {isa = PBXFileReference; fileEncoding = 4; lastKnownFileType = sourcecode.swift; path = RootWireframe.swift; sourceTree = "<group>"; };
		6B1BACD31BDD2C5D00AC5E9B /* CharacterDetailPresenter.swift */ = {isa = PBXFileReference; fileEncoding = 4; lastKnownFileType = sourcecode.swift; path = CharacterDetailPresenter.swift; sourceTree = "<group>"; };
		6B2C2D1B1BFBB0FF00576464 /* CharactersViewController.swift */ = {isa = PBXFileReference; fileEncoding = 4; lastKnownFileType = sourcecode.swift; path = CharactersViewController.swift; sourceTree = "<group>"; };
		6B6B09251BDD1A830013891D /* Example.app */ = {isa = PBXFileReference; explicitFileType = wrapper.application; includeInIndex = 0; path = Example.app; sourceTree = BUILT_PRODUCTS_DIR; };
		6B6B09281BDD1A830013891D /* AppDelegate.swift */ = {isa = PBXFileReference; lastKnownFileType = sourcecode.swift; path = AppDelegate.swift; sourceTree = "<group>"; };
		6B6B092D1BDD1A830013891D /* Base */ = {isa = PBXFileReference; lastKnownFileType = file.storyboard; name = Base; path = Base.lproj/Main.storyboard; sourceTree = "<group>"; };
		6B6B092F1BDD1A830013891D /* Assets.xcassets */ = {isa = PBXFileReference; lastKnownFileType = folder.assetcatalog; path = Assets.xcassets; sourceTree = "<group>"; };
		6B6B09341BDD1A830013891D /* Info.plist */ = {isa = PBXFileReference; lastKnownFileType = text.plist.xml; path = Info.plist; sourceTree = "<group>"; };
		6B82ACE81C061E0C009247FB /* Pods_Example.framework */ = {isa = PBXFileReference; lastKnownFileType = wrapper.framework; name = Pods_Example.framework; path = "/Users/davide/GitHub/BothamUI/Pods/../build/Debug-iphoneos/Pods_Example.framework"; sourceTree = "<absolute>"; };
		6B82AD361C062497009247FB /* ExampleTests.xctest */ = {isa = PBXFileReference; explicitFileType = wrapper.cfbundle; includeInIndex = 0; path = ExampleTests.xctest; sourceTree = BUILT_PRODUCTS_DIR; };
		6B82AD381C062497009247FB /* ExampleTests.swift */ = {isa = PBXFileReference; lastKnownFileType = sourcecode.swift; path = ExampleTests.swift; sourceTree = "<group>"; };
		6B82AD3A1C062497009247FB /* Info.plist */ = {isa = PBXFileReference; lastKnownFileType = text.plist.xml; path = Info.plist; sourceTree = "<group>"; };
		6B82AD401C074322009247FB /* FakeSeriesUI.swift */ = {isa = PBXFileReference; fileEncoding = 4; lastKnownFileType = sourcecode.swift; path = FakeSeriesUI.swift; sourceTree = "<group>"; };
		6B82AD431C0743EB009247FB /* FakeBothamLoadingUI.swift */ = {isa = PBXFileReference; fileEncoding = 4; lastKnownFileType = sourcecode.swift; path = FakeBothamLoadingUI.swift; sourceTree = "<group>"; };
		6B82AD4A1C075DC5009247FB /* FakeCharactersUI.swift */ = {isa = PBXFileReference; fileEncoding = 4; lastKnownFileType = sourcecode.swift; path = FakeCharactersUI.swift; sourceTree = "<group>"; };
		6B82AD501C08B511009247FB /* FakeBothamPullToResfreshUI.swift */ = {isa = PBXFileReference; fileEncoding = 4; lastKnownFileType = sourcecode.swift; path = FakeBothamPullToResfreshUI.swift; sourceTree = "<group>"; };
		6B8B14701C4EAB600054DCE6 /* ComicCollectionViewCell.xib */ = {isa = PBXFileReference; fileEncoding = 4; lastKnownFileType = file.xib; path = ComicCollectionViewCell.xib; sourceTree = "<group>"; };
		6B8E73321C10AA700006F9E1 /* CharactersWireframe.swift */ = {isa = PBXFileReference; fileEncoding = 4; lastKnownFileType = sourcecode.swift; path = CharactersWireframe.swift; sourceTree = "<group>"; };
		6B8E73341C10EDD10006F9E1 /* SeriesWireframe.swift */ = {isa = PBXFileReference; fileEncoding = 4; lastKnownFileType = sourcecode.swift; path = SeriesWireframe.swift; sourceTree = "<group>"; };
		6B8E73381C11AA3F0006F9E1 /* FakeSeriesWireframe.swift */ = {isa = PBXFileReference; fileEncoding = 4; lastKnownFileType = sourcecode.swift; path = FakeSeriesWireframe.swift; sourceTree = "<group>"; };
		6B8E733A1C11AD640006F9E1 /* ExampleWireframe.swift */ = {isa = PBXFileReference; fileEncoding = 4; lastKnownFileType = sourcecode.swift; path = ExampleWireframe.swift; sourceTree = "<group>"; };
		6B8E733C1C11B55D0006F9E1 /* Expectation.swift */ = {isa = PBXFileReference; fileEncoding = 4; lastKnownFileType = sourcecode.swift; path = Expectation.swift; sourceTree = "<group>"; };
		6B8E733F1C11B5890006F9E1 /* Expectation.swift */ = {isa = PBXFileReference; fileEncoding = 4; lastKnownFileType = sourcecode.swift; path = Expectation.swift; sourceTree = "<group>"; };
		6BB5CD941BDD2D670009C2F0 /* ServiceLocator.swift */ = {isa = PBXFileReference; fileEncoding = 4; lastKnownFileType = sourcecode.swift; path = ServiceLocator.swift; sourceTree = "<group>"; };
		6BDE3DF71BFE0DEE0030EB8B /* SeriesNavigationController.swift */ = {isa = PBXFileReference; fileEncoding = 4; lastKnownFileType = sourcecode.swift; path = SeriesNavigationController.swift; sourceTree = "<group>"; };
		6BDE3DF91BFE0E760030EB8B /* SeriesViewController.swift */ = {isa = PBXFileReference; fileEncoding = 4; lastKnownFileType = sourcecode.swift; path = SeriesViewController.swift; sourceTree = "<group>"; };
		6BDE3DFC1BFE0F010030EB8B /* SeriesPresenter.swift */ = {isa = PBXFileReference; fileEncoding = 4; lastKnownFileType = sourcecode.swift; path = SeriesPresenter.swift; sourceTree = "<group>"; };
		6BDE3DFE1BFE0F4A0030EB8B /* SeriesUI.swift */ = {isa = PBXFileReference; fileEncoding = 4; lastKnownFileType = sourcecode.swift; path = SeriesUI.swift; sourceTree = "<group>"; };
		6BDE3E031BFE24A30030EB8B /* Series.swift */ = {isa = PBXFileReference; fileEncoding = 4; lastKnownFileType = sourcecode.swift; path = Series.swift; sourceTree = "<group>"; };
		6BDE3E061BFE283A0030EB8B /* SeriesTableViewCell.swift */ = {isa = PBXFileReference; fileEncoding = 4; lastKnownFileType = sourcecode.swift; path = SeriesTableViewCell.swift; sourceTree = "<group>"; };
		6BDE3E191C0392ED0030EB8B /* Dispatch.swift */ = {isa = PBXFileReference; fileEncoding = 4; lastKnownFileType = sourcecode.swift; path = Dispatch.swift; sourceTree = "<group>"; };
		6BDE3E1E1C04A3290030EB8B /* ExampleViewController.swift */ = {isa = PBXFileReference; fileEncoding = 4; lastKnownFileType = sourcecode.swift; path = ExampleViewController.swift; sourceTree = "<group>"; };
		8FB82F5793AD3F2FB5DDE1BC /* Pods-ExampleTests.debug.xcconfig */ = {isa = PBXFileReference; includeInIndex = 1; lastKnownFileType = text.xcconfig; name = "Pods-ExampleTests.debug.xcconfig"; path = "../Pods/Target Support Files/Pods-ExampleTests/Pods-ExampleTests.debug.xcconfig"; sourceTree = "<group>"; };
		A49A5D1539EF98BE0B5BBAE8 /* Pods-ExampleAcceptanceTests.debug.xcconfig */ = {isa = PBXFileReference; includeInIndex = 1; lastKnownFileType = text.xcconfig; name = "Pods-ExampleAcceptanceTests.debug.xcconfig"; path = "../Pods/Target Support Files/Pods-ExampleAcceptanceTests/Pods-ExampleAcceptanceTests.debug.xcconfig"; sourceTree = "<group>"; };
		AC17EACDA99BFBD45DF05CE1 /* Pods_ExampleTests.framework */ = {isa = PBXFileReference; explicitFileType = wrapper.framework; includeInIndex = 0; path = Pods_ExampleTests.framework; sourceTree = BUILT_PRODUCTS_DIR; };
		BD3B00CD55A824F7D88F99E1 /* Pods_ExampleAcceptanceTests.framework */ = {isa = PBXFileReference; explicitFileType = wrapper.framework; includeInIndex = 0; path = Pods_ExampleAcceptanceTests.framework; sourceTree = BUILT_PRODUCTS_DIR; };
		EB142D281C294BB500F2E920 /* UIFont.swift */ = {isa = PBXFileReference; fileEncoding = 4; lastKnownFileType = sourcecode.swift; path = UIFont.swift; sourceTree = "<group>"; };
		EB142D2C1C296F1800F2E920 /* SeriesDetailUI.swift */ = {isa = PBXFileReference; fileEncoding = 4; lastKnownFileType = sourcecode.swift; path = SeriesDetailUI.swift; sourceTree = "<group>"; };
		EB142D2E1C29789300F2E920 /* Comic.swift */ = {isa = PBXFileReference; fileEncoding = 4; lastKnownFileType = sourcecode.swift; path = Comic.swift; sourceTree = "<group>"; };
		EB142D301C2978C900F2E920 /* ComicCollectionViewCell.swift */ = {isa = PBXFileReference; fileEncoding = 4; lastKnownFileType = sourcecode.swift; path = ComicCollectionViewCell.swift; sourceTree = "<group>"; };
		EB2DA1C11C299A1D00783B32 /* Gidole-Regular.ttf */ = {isa = PBXFileReference; lastKnownFileType = file; path = "Gidole-Regular.ttf"; sourceTree = "<group>"; };
		EB2DA1C31C29A52A00783B32 /* SeriesDetailCollectionHeaderView.swift */ = {isa = PBXFileReference; fileEncoding = 4; lastKnownFileType = sourcecode.swift; path = SeriesDetailCollectionHeaderView.swift; sourceTree = "<group>"; };
		EB2DA1C51C29CD4D00783B32 /* SeriesDetailViewControllerTests.swift */ = {isa = PBXFileReference; fileEncoding = 4; lastKnownFileType = sourcecode.swift; path = SeriesDetailViewControllerTests.swift; sourceTree = "<group>"; };
		EB4D7C4B1C2A9E5300A8803A /* SeriesDetailCollectionViewDataSource.swift */ = {isa = PBXFileReference; fileEncoding = 4; lastKnownFileType = sourcecode.swift; path = SeriesDetailCollectionViewDataSource.swift; sourceTree = "<group>"; };
		EB7978961C2835B20075BD82 /* SeriesDetailViewController.swift */ = {isa = PBXFileReference; fileEncoding = 4; lastKnownFileType = sourcecode.swift; path = SeriesDetailViewController.swift; sourceTree = "<group>"; };
		EB7978981C2835C70075BD82 /* SeriesDetailPresenter.swift */ = {isa = PBXFileReference; fileEncoding = 4; lastKnownFileType = sourcecode.swift; path = SeriesDetailPresenter.swift; sourceTree = "<group>"; };
		EB7B641E1C2422F600422325 /* UIColor.swift */ = {isa = PBXFileReference; fileEncoding = 4; lastKnownFileType = sourcecode.swift; path = UIColor.swift; sourceTree = "<group>"; };
		EB9A49221C07529200BF4D55 /* ExampleAcceptanceTests.xctest */ = {isa = PBXFileReference; explicitFileType = wrapper.cfbundle; includeInIndex = 0; path = ExampleAcceptanceTests.xctest; sourceTree = BUILT_PRODUCTS_DIR; };
		EB9A49261C07529200BF4D55 /* Info.plist */ = {isa = PBXFileReference; lastKnownFileType = text.plist.xml; path = Info.plist; sourceTree = "<group>"; };
		EB9A492D1C07536800BF4D55 /* XCTestCase.swift */ = {isa = PBXFileReference; fileEncoding = 4; lastKnownFileType = sourcecode.swift; path = XCTestCase.swift; sourceTree = "<group>"; };
		EB9A492F1C07538100BF4D55 /* KIFTestActor.swift */ = {isa = PBXFileReference; fileEncoding = 4; lastKnownFileType = sourcecode.swift; path = KIFTestActor.swift; sourceTree = "<group>"; };
		EB9A49351C07544B00BF4D55 /* MainViewControllerTests.swift */ = {isa = PBXFileReference; fileEncoding = 4; lastKnownFileType = sourcecode.swift; path = MainViewControllerTests.swift; sourceTree = "<group>"; };
		EB9A49381C0757B300BF4D55 /* CharactersViewControllerTests.swift */ = {isa = PBXFileReference; fileEncoding = 4; lastKnownFileType = sourcecode.swift; path = CharactersViewControllerTests.swift; sourceTree = "<group>"; };
		EB9A493B1C075A8100BF4D55 /* SeriessViewControllerTests.swift */ = {isa = PBXFileReference; fileEncoding = 4; lastKnownFileType = sourcecode.swift; path = SeriessViewControllerTests.swift; sourceTree = "<group>"; };
		EB9A49421C07631E00BF4D55 /* ExampleAcceptanceTests-Bridging-Header.h */ = {isa = PBXFileReference; lastKnownFileType = sourcecode.c.h; path = "ExampleAcceptanceTests-Bridging-Header.h"; sourceTree = "<group>"; };
		EB9A49431C076B1600BF4D55 /* AcceptanceTestCase.swift */ = {isa = PBXFileReference; fileEncoding = 4; lastKnownFileType = sourcecode.swift; path = AcceptanceTestCase.swift; sourceTree = "<group>"; };
		F448661AC2CAA127286870BE /* Pods-ExampleAcceptanceTests.release.xcconfig */ = {isa = PBXFileReference; includeInIndex = 1; lastKnownFileType = text.xcconfig; name = "Pods-ExampleAcceptanceTests.release.xcconfig"; path = "../Pods/Target Support Files/Pods-ExampleAcceptanceTests/Pods-ExampleAcceptanceTests.release.xcconfig"; sourceTree = "<group>"; };
/* End PBXFileReference section */

/* Begin PBXFrameworksBuildPhase section */
		6B6B09221BDD1A830013891D /* Frameworks */ = {
			isa = PBXFrameworksBuildPhase;
			buildActionMask = 2147483647;
			files = (
				2CC29345B9DBD60055933D8F /* Pods_Example.framework in Frameworks */,
			);
			runOnlyForDeploymentPostprocessing = 0;
		};
		6B82AD331C062497009247FB /* Frameworks */ = {
			isa = PBXFrameworksBuildPhase;
			buildActionMask = 2147483647;
			files = (
				6AB5B208B9725DB1CB5B0829 /* Pods_ExampleTests.framework in Frameworks */,
			);
			runOnlyForDeploymentPostprocessing = 0;
		};
		EB9A491F1C07529200BF4D55 /* Frameworks */ = {
			isa = PBXFrameworksBuildPhase;
			buildActionMask = 2147483647;
			files = (
				D0216A57D96557DB5D28B4E0 /* Pods_ExampleAcceptanceTests.framework in Frameworks */,
			);
			runOnlyForDeploymentPostprocessing = 0;
		};
/* End PBXFrameworksBuildPhase section */

/* Begin PBXGroup section */
		3DB9EF9CF78A870D6A8DE1D8 /* Frameworks */ = {
			isa = PBXGroup;
			children = (
				6B82ACE81C061E0C009247FB /* Pods_Example.framework */,
				1D4C154F33C68A95C05026C9 /* Pods_Example.framework */,
				35B163CE0DC7AF697E4632CE /* Pods_ExampleUITests.framework */,
				AC17EACDA99BFBD45DF05CE1 /* Pods_ExampleTests.framework */,
				BD3B00CD55A824F7D88F99E1 /* Pods_ExampleAcceptanceTests.framework */,
			);
			name = Frameworks;
			sourceTree = "<group>";
		};
		491AFB011C241BDE00F8574D /* Fonts */ = {
			isa = PBXGroup;
			children = (
				EB2DA1C11C299A1D00783B32 /* Gidole-Regular.ttf */,
				491AFB021C241C1700F8574D /* ManifoldCF-Light.otf */,
				491AFB031C241C1700F8574D /* ManifoldCF-Regular.otf */,
			);
			name = Fonts;
			sourceTree = "<group>";
		};
		6B0737021BFDCE42000E0E7D /* Characters */ = {
			isa = PBXGroup;
			children = (
				6B07370E1BFDD48A000E0E7D /* View */,
				6B07370F1BFDD4AC000E0E7D /* Presenter */,
				6B0737031BFDCE9F000E0E7D /* PresentationModel */,
				6B8E73321C10AA700006F9E1 /* CharactersWireframe.swift */,
			);
			name = Characters;
			sourceTree = "<group>";
		};
		6B0737031BFDCE9F000E0E7D /* PresentationModel */ = {
			isa = PBXGroup;
			children = (
				6B0737041BFDCEB4000E0E7D /* Character.swift */,
			);
			name = PresentationModel;
			sourceTree = "<group>";
		};
		6B07370E1BFDD48A000E0E7D /* View */ = {
			isa = PBXGroup;
			children = (
				6B0737101BFDD53C000E0E7D /* TableView */,
				6B2C2D1B1BFBB0FF00576464 /* CharactersViewController.swift */,
				6B0737061BFDCEE4000E0E7D /* CharactersNavigationController.swift */,
				6B1BACCF1BDD2BC100AC5E9B /* CharacterDetailUI.swift */,
				6B07370C1BFDD45D000E0E7D /* CharactersUI.swift */,
			);
			name = View;
			sourceTree = "<group>";
		};
		6B07370F1BFDD4AC000E0E7D /* Presenter */ = {
			isa = PBXGroup;
			children = (
				6B1BACD31BDD2C5D00AC5E9B /* CharacterDetailPresenter.swift */,
				6B0737081BFDCF67000E0E7D /* CharactersPresenter.swift */,
			);
			name = Presenter;
			sourceTree = "<group>";
		};
		6B0737101BFDD53C000E0E7D /* TableView */ = {
			isa = PBXGroup;
			children = (
				6B07370A1BFDCF98000E0E7D /* CharacterTableViewCell.swift */,
			);
			name = TableView;
			sourceTree = "<group>";
		};
		6B6B091C1BDD1A820013891D = {
			isa = PBXGroup;
			children = (
				6B6B09271BDD1A830013891D /* Example */,
				6B82AD371C062497009247FB /* ExampleTests */,
				EB9A49231C07529200BF4D55 /* ExampleAcceptanceTests */,
				6B6B09261BDD1A830013891D /* Products */,
				B49D375BE1C92ECC6F2567F1 /* Pods */,
				3DB9EF9CF78A870D6A8DE1D8 /* Frameworks */,
			);
			sourceTree = "<group>";
		};
		6B6B09261BDD1A830013891D /* Products */ = {
			isa = PBXGroup;
			children = (
				6B6B09251BDD1A830013891D /* Example.app */,
				6B82AD361C062497009247FB /* ExampleTests.xctest */,
				EB9A49221C07529200BF4D55 /* ExampleAcceptanceTests.xctest */,
			);
			name = Products;
			sourceTree = "<group>";
		};
		6B6B09271BDD1A830013891D /* Example */ = {
			isa = PBXGroup;
			children = (
				491AFB011C241BDE00F8574D /* Fonts */,
				6BDE3E181C0392970030EB8B /* Utils */,
				EB7B641D1C2422D700422325 /* Extensions */,
				6BDE3DF51BFE0D1A0030EB8B /* Series */,
				6B0737021BFDCE42000E0E7D /* Characters */,
				6BB5CD941BDD2D670009C2F0 /* ServiceLocator.swift */,
				6B1BACD11BDD2BF800AC5E9B /* RootWireframe.swift */,
				6B8E733A1C11AD640006F9E1 /* ExampleWireframe.swift */,
				6B6B09281BDD1A830013891D /* AppDelegate.swift */,
				6BDE3E1E1C04A3290030EB8B /* ExampleViewController.swift */,
				6B6B092C1BDD1A830013891D /* Main.storyboard */,
				491AFAFF1C24000B00F8574D /* LaunchScreen.storyboard */,
				6B6B092F1BDD1A830013891D /* Assets.xcassets */,
				6B6B09341BDD1A830013891D /* Info.plist */,
			);
			path = Example;
			sourceTree = "<group>";
		};
		6B82AD371C062497009247FB /* ExampleTests */ = {
			isa = PBXGroup;
			children = (
				6B8E733E1C11B57C0006F9E1 /* Extensions */,
				6B82AD421C0743DF009247FB /* TestDoubles */,
				6B82AD381C062497009247FB /* ExampleTests.swift */,
				6B82AD3A1C062497009247FB /* Info.plist */,
			);
			path = ExampleTests;
			sourceTree = "<group>";
		};
		6B82AD421C0743DF009247FB /* TestDoubles */ = {
			isa = PBXGroup;
			children = (
				6B82AD401C074322009247FB /* FakeSeriesUI.swift */,
				6B82AD431C0743EB009247FB /* FakeBothamLoadingUI.swift */,
				6B82AD4A1C075DC5009247FB /* FakeCharactersUI.swift */,
				6B82AD501C08B511009247FB /* FakeBothamPullToResfreshUI.swift */,
				6B8E73381C11AA3F0006F9E1 /* FakeSeriesWireframe.swift */,
			);
			name = TestDoubles;
			sourceTree = "<group>";
		};
		6B8B146F1C4EAB2B0054DCE6 /* CollectionView */ = {
			isa = PBXGroup;
			children = (
				6B8B14701C4EAB600054DCE6 /* ComicCollectionViewCell.xib */,
			);
			name = CollectionView;
			sourceTree = "<group>";
		};
		6B8E733E1C11B57C0006F9E1 /* Extensions */ = {
			isa = PBXGroup;
			children = (
				6B8E733F1C11B5890006F9E1 /* Expectation.swift */,
			);
			name = Extensions;
			sourceTree = "<group>";
		};
		6BDE3DF51BFE0D1A0030EB8B /* Series */ = {
			isa = PBXGroup;
			children = (
				6BDE3DF61BFE0DD60030EB8B /* View */,
				6BDE3DFB1BFE0EF40030EB8B /* Presenter */,
				6BDE3E021BFE247E0030EB8B /* PresentationModel */,
				6B8E73341C10EDD10006F9E1 /* SeriesWireframe.swift */,
			);
			name = Series;
			sourceTree = "<group>";
		};
		6BDE3DF61BFE0DD60030EB8B /* View */ = {
			isa = PBXGroup;
			children = (
				6B8B146F1C4EAB2B0054DCE6 /* CollectionView */,
				6BDE3E051BFE27CB0030EB8B /* TableView */,
				6BDE3DF71BFE0DEE0030EB8B /* SeriesNavigationController.swift */,
				EB142D2C1C296F1800F2E920 /* SeriesDetailUI.swift */,
				6BDE3DF91BFE0E760030EB8B /* SeriesViewController.swift */,
				6BDE3DFE1BFE0F4A0030EB8B /* SeriesUI.swift */,
				EB7978961C2835B20075BD82 /* SeriesDetailViewController.swift */,
			);
			name = View;
			sourceTree = "<group>";
		};
		6BDE3DFB1BFE0EF40030EB8B /* Presenter */ = {
			isa = PBXGroup;
			children = (
				6BDE3DFC1BFE0F010030EB8B /* SeriesPresenter.swift */,
				EB7978981C2835C70075BD82 /* SeriesDetailPresenter.swift */,
			);
			name = Presenter;
			sourceTree = "<group>";
		};
		6BDE3E021BFE247E0030EB8B /* PresentationModel */ = {
			isa = PBXGroup;
			children = (
				6BDE3E031BFE24A30030EB8B /* Series.swift */,
				EB142D2E1C29789300F2E920 /* Comic.swift */,
			);
			name = PresentationModel;
			sourceTree = "<group>";
		};
		6BDE3E051BFE27CB0030EB8B /* TableView */ = {
			isa = PBXGroup;
			children = (
				6BDE3E061BFE283A0030EB8B /* SeriesTableViewCell.swift */,
				EB142D301C2978C900F2E920 /* ComicCollectionViewCell.swift */,
				EB2DA1C31C29A52A00783B32 /* SeriesDetailCollectionHeaderView.swift */,
				EB4D7C4B1C2A9E5300A8803A /* SeriesDetailCollectionViewDataSource.swift */,
			);
			name = TableView;
			sourceTree = "<group>";
		};
		6BDE3E181C0392970030EB8B /* Utils */ = {
			isa = PBXGroup;
			children = (
				6BDE3E191C0392ED0030EB8B /* Dispatch.swift */,
			);
			name = Utils;
			sourceTree = "<group>";
		};
		B49D375BE1C92ECC6F2567F1 /* Pods */ = {
			isa = PBXGroup;
			children = (
				52612E8081519E1D866451B7 /* Pods-Example.debug.xcconfig */,
				0D335B615439FBA890D16E71 /* Pods-Example.release.xcconfig */,
				516B3CF49355166A2C927001 /* Pods-ExampleUITests.debug.xcconfig */,
				5DDCD4FFC4D496BB86036BC1 /* Pods-ExampleUITests.release.xcconfig */,
				8FB82F5793AD3F2FB5DDE1BC /* Pods-ExampleTests.debug.xcconfig */,
				39F4FD41D603422B68DA1AC8 /* Pods-ExampleTests.release.xcconfig */,
				A49A5D1539EF98BE0B5BBAE8 /* Pods-ExampleAcceptanceTests.debug.xcconfig */,
				F448661AC2CAA127286870BE /* Pods-ExampleAcceptanceTests.release.xcconfig */,
			);
			name = Pods;
			sourceTree = "<group>";
		};
		EB7B641D1C2422D700422325 /* Extensions */ = {
			isa = PBXGroup;
			children = (
				EB7B641E1C2422F600422325 /* UIColor.swift */,
				EB142D281C294BB500F2E920 /* UIFont.swift */,
			);
			name = Extensions;
			sourceTree = "<group>";
		};
		EB9A49231C07529200BF4D55 /* ExampleAcceptanceTests */ = {
			isa = PBXGroup;
			children = (
				EB9A49431C076B1600BF4D55 /* AcceptanceTestCase.swift */,
				EB9A49351C07544B00BF4D55 /* MainViewControllerTests.swift */,
				EB9A49371C07579100BF4D55 /* Characters */,
				EB9A493A1C075A5500BF4D55 /* Series */,
				EB9A492C1C07535E00BF4D55 /* Extensions */,
				EB9A49261C07529200BF4D55 /* Info.plist */,
				EB9A49421C07631E00BF4D55 /* ExampleAcceptanceTests-Bridging-Header.h */,
			);
			path = ExampleAcceptanceTests;
			sourceTree = "<group>";
		};
		EB9A492C1C07535E00BF4D55 /* Extensions */ = {
			isa = PBXGroup;
			children = (
				EB9A492D1C07536800BF4D55 /* XCTestCase.swift */,
				EB9A492F1C07538100BF4D55 /* KIFTestActor.swift */,
				6B8E733C1C11B55D0006F9E1 /* Expectation.swift */,
			);
			name = Extensions;
			sourceTree = "<group>";
		};
		EB9A49371C07579100BF4D55 /* Characters */ = {
			isa = PBXGroup;
			children = (
				EB9A49381C0757B300BF4D55 /* CharactersViewControllerTests.swift */,
			);
			name = Characters;
			sourceTree = "<group>";
		};
		EB9A493A1C075A5500BF4D55 /* Series */ = {
			isa = PBXGroup;
			children = (
				EB9A493B1C075A8100BF4D55 /* SeriessViewControllerTests.swift */,
				EB2DA1C51C29CD4D00783B32 /* SeriesDetailViewControllerTests.swift */,
			);
			name = Series;
			sourceTree = "<group>";
		};
/* End PBXGroup section */

/* Begin PBXNativeTarget section */
		6B6B09241BDD1A830013891D /* Example */ = {
			isa = PBXNativeTarget;
			buildConfigurationList = 6B6B094D1BDD1A830013891D /* Build configuration list for PBXNativeTarget "Example" */;
			buildPhases = (
				69062BD934FC050D19C61AF9 /* Check Pods Manifest.lock */,
				6B6B09211BDD1A830013891D /* Sources */,
				6B6B09221BDD1A830013891D /* Frameworks */,
				6B6B09231BDD1A830013891D /* Resources */,
				0FCD447236F6B19862251033 /* Embed Pods Frameworks */,
				85DAA447D9670B48C27F37EC /* Copy Pods Resources */,
			);
			buildRules = (
			);
			dependencies = (
			);
			name = Example;
			productName = Example;
			productReference = 6B6B09251BDD1A830013891D /* Example.app */;
			productType = "com.apple.product-type.application";
		};
		6B82AD351C062497009247FB /* ExampleTests */ = {
			isa = PBXNativeTarget;
			buildConfigurationList = 6B82AD3D1C062497009247FB /* Build configuration list for PBXNativeTarget "ExampleTests" */;
			buildPhases = (
				C4DEE1E6AA79EA2A8DC33822 /* Check Pods Manifest.lock */,
				6B82AD321C062497009247FB /* Sources */,
				6B82AD331C062497009247FB /* Frameworks */,
				6B82AD341C062497009247FB /* Resources */,
				5DDC0A8386B49D73530BAD2A /* Embed Pods Frameworks */,
				24DA4C7F3A3FB1905F8086F3 /* Copy Pods Resources */,
			);
			buildRules = (
			);
			dependencies = (
				6B82AD3C1C062497009247FB /* PBXTargetDependency */,
			);
			name = ExampleTests;
			productName = ExampleTests;
			productReference = 6B82AD361C062497009247FB /* ExampleTests.xctest */;
			productType = "com.apple.product-type.bundle.unit-test";
		};
		EB9A49211C07529200BF4D55 /* ExampleAcceptanceTests */ = {
			isa = PBXNativeTarget;
			buildConfigurationList = EB9A492B1C07529200BF4D55 /* Build configuration list for PBXNativeTarget "ExampleAcceptanceTests" */;
			buildPhases = (
				B3607C3758CA6F44ECE544AB /* Check Pods Manifest.lock */,
				EB9A491E1C07529200BF4D55 /* Sources */,
				EB9A491F1C07529200BF4D55 /* Frameworks */,
				EB9A49201C07529200BF4D55 /* Resources */,
				85A46E93B3B87FF928FACF02 /* Embed Pods Frameworks */,
				D8339F8B1FE273ADF99D1EE2 /* Copy Pods Resources */,
			);
			buildRules = (
			);
			dependencies = (
				EB9A49281C07529200BF4D55 /* PBXTargetDependency */,
			);
			name = ExampleAcceptanceTests;
			productName = ExampleAcceptanceTests;
			productReference = EB9A49221C07529200BF4D55 /* ExampleAcceptanceTests.xctest */;
			productType = "com.apple.product-type.bundle.unit-test";
		};
/* End PBXNativeTarget section */

/* Begin PBXProject section */
		6B6B091D1BDD1A820013891D /* Project object */ = {
			isa = PBXProject;
			attributes = {
				LastSwiftUpdateCheck = 0710;
				LastUpgradeCheck = 0700;
				ORGANIZATIONNAME = "GoKarumi S.L.";
				TargetAttributes = {
					6B6B09241BDD1A830013891D = {
						CreatedOnToolsVersion = 7.0.1;
					};
					6B82AD351C062497009247FB = {
						CreatedOnToolsVersion = 7.1.1;
						TestTargetID = 6B6B09241BDD1A830013891D;
					};
					EB9A49211C07529200BF4D55 = {
						CreatedOnToolsVersion = 7.1.1;
						TestTargetID = 6B6B09241BDD1A830013891D;
					};
				};
			};
			buildConfigurationList = 6B6B09201BDD1A820013891D /* Build configuration list for PBXProject "Example" */;
			compatibilityVersion = "Xcode 3.2";
			developmentRegion = English;
			hasScannedForEncodings = 0;
			knownRegions = (
				en,
				Base,
			);
			mainGroup = 6B6B091C1BDD1A820013891D;
			productRefGroup = 6B6B09261BDD1A830013891D /* Products */;
			projectDirPath = "";
			projectRoot = "";
			targets = (
				6B6B09241BDD1A830013891D /* Example */,
				6B82AD351C062497009247FB /* ExampleTests */,
				EB9A49211C07529200BF4D55 /* ExampleAcceptanceTests */,
			);
		};
/* End PBXProject section */

/* Begin PBXResourcesBuildPhase section */
		6B6B09231BDD1A830013891D /* Resources */ = {
			isa = PBXResourcesBuildPhase;
			buildActionMask = 2147483647;
			files = (
				491AFB001C24000B00F8574D /* LaunchScreen.storyboard in Resources */,
				6B6B09301BDD1A830013891D /* Assets.xcassets in Resources */,
				6B6B092E1BDD1A830013891D /* Main.storyboard in Resources */,
				491AFB051C241C4500F8574D /* ManifoldCF-Regular.otf in Resources */,
				6B8B14711C4EAB600054DCE6 /* ComicCollectionViewCell.xib in Resources */,
				491AFB041C241C4500F8574D /* ManifoldCF-Light.otf in Resources */,
				EB2DA1C21C299A1D00783B32 /* Gidole-Regular.ttf in Resources */,
			);
			runOnlyForDeploymentPostprocessing = 0;
		};
		6B82AD341C062497009247FB /* Resources */ = {
			isa = PBXResourcesBuildPhase;
			buildActionMask = 2147483647;
			files = (
			);
			runOnlyForDeploymentPostprocessing = 0;
		};
		EB9A49201C07529200BF4D55 /* Resources */ = {
			isa = PBXResourcesBuildPhase;
			buildActionMask = 2147483647;
			files = (
			);
			runOnlyForDeploymentPostprocessing = 0;
		};
/* End PBXResourcesBuildPhase section */

/* Begin PBXShellScriptBuildPhase section */
		0FCD447236F6B19862251033 /* Embed Pods Frameworks */ = {
			isa = PBXShellScriptBuildPhase;
			buildActionMask = 2147483647;
			files = (
			);
			inputPaths = (
			);
			name = "Embed Pods Frameworks";
			outputPaths = (
			);
			runOnlyForDeploymentPostprocessing = 0;
			shellPath = /bin/sh;
			shellScript = "\"${SRCROOT}/../Pods/Target Support Files/Pods-Example/Pods-Example-frameworks.sh\"\n";
			showEnvVarsInLog = 0;
		};
		24DA4C7F3A3FB1905F8086F3 /* Copy Pods Resources */ = {
			isa = PBXShellScriptBuildPhase;
			buildActionMask = 2147483647;
			files = (
			);
			inputPaths = (
			);
			name = "Copy Pods Resources";
			outputPaths = (
			);
			runOnlyForDeploymentPostprocessing = 0;
			shellPath = /bin/sh;
			shellScript = "\"${SRCROOT}/../Pods/Target Support Files/Pods-ExampleTests/Pods-ExampleTests-resources.sh\"\n";
			showEnvVarsInLog = 0;
		};
		5DDC0A8386B49D73530BAD2A /* Embed Pods Frameworks */ = {
			isa = PBXShellScriptBuildPhase;
			buildActionMask = 2147483647;
			files = (
			);
			inputPaths = (
			);
			name = "Embed Pods Frameworks";
			outputPaths = (
			);
			runOnlyForDeploymentPostprocessing = 0;
			shellPath = /bin/sh;
			shellScript = "\"${SRCROOT}/../Pods/Target Support Files/Pods-ExampleTests/Pods-ExampleTests-frameworks.sh\"\n";
			showEnvVarsInLog = 0;
		};
		69062BD934FC050D19C61AF9 /* Check Pods Manifest.lock */ = {
			isa = PBXShellScriptBuildPhase;
			buildActionMask = 2147483647;
			files = (
			);
			inputPaths = (
			);
			name = "Check Pods Manifest.lock";
			outputPaths = (
			);
			runOnlyForDeploymentPostprocessing = 0;
			shellPath = /bin/sh;
			shellScript = "diff \"${PODS_ROOT}/../Podfile.lock\" \"${PODS_ROOT}/Manifest.lock\" > /dev/null\nif [[ $? != 0 ]] ; then\n    cat << EOM\nerror: The sandbox is not in sync with the Podfile.lock. Run 'pod install' or update your CocoaPods installation.\nEOM\n    exit 1\nfi\n";
			showEnvVarsInLog = 0;
		};
		85A46E93B3B87FF928FACF02 /* Embed Pods Frameworks */ = {
			isa = PBXShellScriptBuildPhase;
			buildActionMask = 2147483647;
			files = (
			);
			inputPaths = (
			);
			name = "Embed Pods Frameworks";
			outputPaths = (
			);
			runOnlyForDeploymentPostprocessing = 0;
			shellPath = /bin/sh;
			shellScript = "\"${SRCROOT}/../Pods/Target Support Files/Pods-ExampleAcceptanceTests/Pods-ExampleAcceptanceTests-frameworks.sh\"\n";
			showEnvVarsInLog = 0;
		};
		85DAA447D9670B48C27F37EC /* Copy Pods Resources */ = {
			isa = PBXShellScriptBuildPhase;
			buildActionMask = 2147483647;
			files = (
			);
			inputPaths = (
			);
			name = "Copy Pods Resources";
			outputPaths = (
			);
			runOnlyForDeploymentPostprocessing = 0;
			shellPath = /bin/sh;
			shellScript = "\"${SRCROOT}/../Pods/Target Support Files/Pods-Example/Pods-Example-resources.sh\"\n";
			showEnvVarsInLog = 0;
		};
		B3607C3758CA6F44ECE544AB /* Check Pods Manifest.lock */ = {
			isa = PBXShellScriptBuildPhase;
			buildActionMask = 2147483647;
			files = (
			);
			inputPaths = (
			);
			name = "Check Pods Manifest.lock";
			outputPaths = (
			);
			runOnlyForDeploymentPostprocessing = 0;
			shellPath = /bin/sh;
			shellScript = "diff \"${PODS_ROOT}/../Podfile.lock\" \"${PODS_ROOT}/Manifest.lock\" > /dev/null\nif [[ $? != 0 ]] ; then\n    cat << EOM\nerror: The sandbox is not in sync with the Podfile.lock. Run 'pod install' or update your CocoaPods installation.\nEOM\n    exit 1\nfi\n";
			showEnvVarsInLog = 0;
		};
		C4DEE1E6AA79EA2A8DC33822 /* Check Pods Manifest.lock */ = {
			isa = PBXShellScriptBuildPhase;
			buildActionMask = 2147483647;
			files = (
			);
			inputPaths = (
			);
			name = "Check Pods Manifest.lock";
			outputPaths = (
			);
			runOnlyForDeploymentPostprocessing = 0;
			shellPath = /bin/sh;
			shellScript = "diff \"${PODS_ROOT}/../Podfile.lock\" \"${PODS_ROOT}/Manifest.lock\" > /dev/null\nif [[ $? != 0 ]] ; then\n    cat << EOM\nerror: The sandbox is not in sync with the Podfile.lock. Run 'pod install' or update your CocoaPods installation.\nEOM\n    exit 1\nfi\n";
			showEnvVarsInLog = 0;
		};
		D8339F8B1FE273ADF99D1EE2 /* Copy Pods Resources */ = {
			isa = PBXShellScriptBuildPhase;
			buildActionMask = 2147483647;
			files = (
			);
			inputPaths = (
			);
			name = "Copy Pods Resources";
			outputPaths = (
			);
			runOnlyForDeploymentPostprocessing = 0;
			shellPath = /bin/sh;
			shellScript = "\"${SRCROOT}/../Pods/Target Support Files/Pods-ExampleAcceptanceTests/Pods-ExampleAcceptanceTests-resources.sh\"\n";
			showEnvVarsInLog = 0;
		};
/* End PBXShellScriptBuildPhase section */

/* Begin PBXSourcesBuildPhase section */
		6B6B09211BDD1A830013891D /* Sources */ = {
			isa = PBXSourcesBuildPhase;
			buildActionMask = 2147483647;
			files = (
				6B2C2D1C1BFBB0FF00576464 /* CharactersViewController.swift in Sources */,
				6BDE3E041BFE24A30030EB8B /* Series.swift in Sources */,
				6BB5CD951BDD2D670009C2F0 /* ServiceLocator.swift in Sources */,
				6B1BACD01BDD2BC100AC5E9B /* CharacterDetailUI.swift in Sources */,
				EB7978971C2835B20075BD82 /* SeriesDetailViewController.swift in Sources */,
				6B0737071BFDCEE4000E0E7D /* CharactersNavigationController.swift in Sources */,
				EB142D311C2978C900F2E920 /* ComicCollectionViewCell.swift in Sources */,
				6B1BACD21BDD2BF800AC5E9B /* RootWireframe.swift in Sources */,
				EB7978991C2835C70075BD82 /* SeriesDetailPresenter.swift in Sources */,
				6BDE3DFF1BFE0F4A0030EB8B /* SeriesUI.swift in Sources */,
				EB142D2F1C29789300F2E920 /* Comic.swift in Sources */,
				6B07370B1BFDCF98000E0E7D /* CharacterTableViewCell.swift in Sources */,
				6B07370D1BFDD45D000E0E7D /* CharactersUI.swift in Sources */,
				6B8E73331C10AA700006F9E1 /* CharactersWireframe.swift in Sources */,
				6BDE3DF81BFE0DEE0030EB8B /* SeriesNavigationController.swift in Sources */,
				6B0737091BFDCF67000E0E7D /* CharactersPresenter.swift in Sources */,
				EB7B641F1C2422F600422325 /* UIColor.swift in Sources */,
				EB4D7C4C1C2A9E5300A8803A /* SeriesDetailCollectionViewDataSource.swift in Sources */,
				EB2DA1C41C29A52A00783B32 /* SeriesDetailCollectionHeaderView.swift in Sources */,
				6BDE3E1A1C0392ED0030EB8B /* Dispatch.swift in Sources */,
				6B8E733B1C11AD640006F9E1 /* ExampleWireframe.swift in Sources */,
				6BDE3DFA1BFE0E760030EB8B /* SeriesViewController.swift in Sources */,
				6B1BACD41BDD2C5D00AC5E9B /* CharacterDetailPresenter.swift in Sources */,
				6BDE3E071BFE283A0030EB8B /* SeriesTableViewCell.swift in Sources */,
				EB142D2D1C296F1800F2E920 /* SeriesDetailUI.swift in Sources */,
				6B6B09291BDD1A830013891D /* AppDelegate.swift in Sources */,
				6B8E73351C10EDD10006F9E1 /* SeriesWireframe.swift in Sources */,
				EB142D291C294BB500F2E920 /* UIFont.swift in Sources */,
				6BDE3DFD1BFE0F010030EB8B /* SeriesPresenter.swift in Sources */,
				6BDE3E1F1C04A3290030EB8B /* ExampleViewController.swift in Sources */,
				6B0737051BFDCEB4000E0E7D /* Character.swift in Sources */,
			);
			runOnlyForDeploymentPostprocessing = 0;
		};
		6B82AD321C062497009247FB /* Sources */ = {
			isa = PBXSourcesBuildPhase;
			buildActionMask = 2147483647;
			files = (
				6B82AD411C074322009247FB /* FakeSeriesUI.swift in Sources */,
				6B82AD511C08B511009247FB /* FakeBothamPullToResfreshUI.swift in Sources */,
				6B82AD441C0743EB009247FB /* FakeBothamLoadingUI.swift in Sources */,
				6B8E73391C11AA3F0006F9E1 /* FakeSeriesWireframe.swift in Sources */,
				6B82AD4B1C075DC5009247FB /* FakeCharactersUI.swift in Sources */,
				6B82AD391C062497009247FB /* ExampleTests.swift in Sources */,
				6B8E73401C11B5890006F9E1 /* Expectation.swift in Sources */,
			);
			runOnlyForDeploymentPostprocessing = 0;
		};
		EB9A491E1C07529200BF4D55 /* Sources */ = {
			isa = PBXSourcesBuildPhase;
			buildActionMask = 2147483647;
			files = (
				EB2DA1C61C29CD4D00783B32 /* SeriesDetailViewControllerTests.swift in Sources */,
				EB9A49391C0757B300BF4D55 /* CharactersViewControllerTests.swift in Sources */,
				EB9A49361C07544B00BF4D55 /* MainViewControllerTests.swift in Sources */,
				EB9A493C1C075A8100BF4D55 /* SeriessViewControllerTests.swift in Sources */,
				EB9A49301C07538100BF4D55 /* KIFTestActor.swift in Sources */,
				EB9A49441C076B1600BF4D55 /* AcceptanceTestCase.swift in Sources */,
				EB9A492E1C07536800BF4D55 /* XCTestCase.swift in Sources */,
				6B8E733D1C11B55D0006F9E1 /* Expectation.swift in Sources */,
			);
			runOnlyForDeploymentPostprocessing = 0;
		};
/* End PBXSourcesBuildPhase section */

/* Begin PBXTargetDependency section */
		6B82AD3C1C062497009247FB /* PBXTargetDependency */ = {
			isa = PBXTargetDependency;
			target = 6B6B09241BDD1A830013891D /* Example */;
			targetProxy = 6B82AD3B1C062497009247FB /* PBXContainerItemProxy */;
		};
		EB9A49281C07529200BF4D55 /* PBXTargetDependency */ = {
			isa = PBXTargetDependency;
			target = 6B6B09241BDD1A830013891D /* Example */;
			targetProxy = EB9A49271C07529200BF4D55 /* PBXContainerItemProxy */;
		};
/* End PBXTargetDependency section */

/* Begin PBXVariantGroup section */
		6B6B092C1BDD1A830013891D /* Main.storyboard */ = {
			isa = PBXVariantGroup;
			children = (
				6B6B092D1BDD1A830013891D /* Base */,
			);
			name = Main.storyboard;
			sourceTree = "<group>";
		};
/* End PBXVariantGroup section */

/* Begin XCBuildConfiguration section */
		6B6B094B1BDD1A830013891D /* Debug */ = {
			isa = XCBuildConfiguration;
			buildSettings = {
				ALWAYS_SEARCH_USER_PATHS = NO;
				CLANG_CXX_LANGUAGE_STANDARD = "gnu++0x";
				CLANG_CXX_LIBRARY = "libc++";
				CLANG_ENABLE_MODULES = YES;
				CLANG_ENABLE_OBJC_ARC = YES;
				CLANG_WARN_BOOL_CONVERSION = YES;
				CLANG_WARN_CONSTANT_CONVERSION = YES;
				CLANG_WARN_DIRECT_OBJC_ISA_USAGE = YES_ERROR;
				CLANG_WARN_EMPTY_BODY = YES;
				CLANG_WARN_ENUM_CONVERSION = YES;
				CLANG_WARN_INT_CONVERSION = YES;
				CLANG_WARN_OBJC_ROOT_CLASS = YES_ERROR;
				CLANG_WARN_UNREACHABLE_CODE = YES;
				CLANG_WARN__DUPLICATE_METHOD_MATCH = YES;
				"CODE_SIGN_IDENTITY[sdk=iphoneos*]" = "iPhone Developer";
				COPY_PHASE_STRIP = NO;
				DEBUG_INFORMATION_FORMAT = dwarf;
				ENABLE_STRICT_OBJC_MSGSEND = YES;
				ENABLE_TESTABILITY = YES;
				GCC_C_LANGUAGE_STANDARD = gnu99;
				GCC_DYNAMIC_NO_PIC = NO;
				GCC_NO_COMMON_BLOCKS = YES;
				GCC_OPTIMIZATION_LEVEL = 0;
				GCC_PREPROCESSOR_DEFINITIONS = (
					"DEBUG=1",
					"$(inherited)",
				);
				GCC_WARN_64_TO_32_BIT_CONVERSION = YES;
				GCC_WARN_ABOUT_RETURN_TYPE = YES_ERROR;
				GCC_WARN_UNDECLARED_SELECTOR = YES;
				GCC_WARN_UNINITIALIZED_AUTOS = YES_AGGRESSIVE;
				GCC_WARN_UNUSED_FUNCTION = YES;
				GCC_WARN_UNUSED_VARIABLE = YES;
				IPHONEOS_DEPLOYMENT_TARGET = 9.0;
				MTL_ENABLE_DEBUG_INFO = YES;
				ONLY_ACTIVE_ARCH = YES;
				PRODUCT_NAME = BothamUI;
				SDKROOT = iphoneos;
				SWIFT_OPTIMIZATION_LEVEL = "-Onone";
				TARGETED_DEVICE_FAMILY = "1,2";
			};
			name = Debug;
		};
		6B6B094C1BDD1A830013891D /* Release */ = {
			isa = XCBuildConfiguration;
			buildSettings = {
				ALWAYS_SEARCH_USER_PATHS = NO;
				CLANG_CXX_LANGUAGE_STANDARD = "gnu++0x";
				CLANG_CXX_LIBRARY = "libc++";
				CLANG_ENABLE_MODULES = YES;
				CLANG_ENABLE_OBJC_ARC = YES;
				CLANG_WARN_BOOL_CONVERSION = YES;
				CLANG_WARN_CONSTANT_CONVERSION = YES;
				CLANG_WARN_DIRECT_OBJC_ISA_USAGE = YES_ERROR;
				CLANG_WARN_EMPTY_BODY = YES;
				CLANG_WARN_ENUM_CONVERSION = YES;
				CLANG_WARN_INT_CONVERSION = YES;
				CLANG_WARN_OBJC_ROOT_CLASS = YES_ERROR;
				CLANG_WARN_UNREACHABLE_CODE = YES;
				CLANG_WARN__DUPLICATE_METHOD_MATCH = YES;
				"CODE_SIGN_IDENTITY[sdk=iphoneos*]" = "iPhone Developer";
				COPY_PHASE_STRIP = NO;
				DEBUG_INFORMATION_FORMAT = "dwarf-with-dsym";
				ENABLE_NS_ASSERTIONS = NO;
				ENABLE_STRICT_OBJC_MSGSEND = YES;
				GCC_C_LANGUAGE_STANDARD = gnu99;
				GCC_NO_COMMON_BLOCKS = YES;
				GCC_WARN_64_TO_32_BIT_CONVERSION = YES;
				GCC_WARN_ABOUT_RETURN_TYPE = YES_ERROR;
				GCC_WARN_UNDECLARED_SELECTOR = YES;
				GCC_WARN_UNINITIALIZED_AUTOS = YES_AGGRESSIVE;
				GCC_WARN_UNUSED_FUNCTION = YES;
				GCC_WARN_UNUSED_VARIABLE = YES;
				IPHONEOS_DEPLOYMENT_TARGET = 9.0;
				MTL_ENABLE_DEBUG_INFO = NO;
				PRODUCT_NAME = BothamUI;
				SDKROOT = iphoneos;
				TARGETED_DEVICE_FAMILY = "1,2";
				VALIDATE_PRODUCT = YES;
			};
			name = Release;
		};
		6B6B094E1BDD1A830013891D /* Debug */ = {
			isa = XCBuildConfiguration;
			baseConfigurationReference = 52612E8081519E1D866451B7 /* Pods-Example.debug.xcconfig */;
			buildSettings = {
				ASSETCATALOG_COMPILER_APPICON_NAME = AppIcon;
				INFOPLIST_FILE = Example/Info.plist;
				LD_RUNPATH_SEARCH_PATHS = "$(inherited) @executable_path/Frameworks";
				PRODUCT_BUNDLE_IDENTIFIER = com.karumi.bothamui.example;
				PRODUCT_NAME = "$(TARGET_NAME)";
				TARGETED_DEVICE_FAMILY = 1;
			};
			name = Debug;
		};
		6B6B094F1BDD1A830013891D /* Release */ = {
			isa = XCBuildConfiguration;
			baseConfigurationReference = 0D335B615439FBA890D16E71 /* Pods-Example.release.xcconfig */;
			buildSettings = {
				ASSETCATALOG_COMPILER_APPICON_NAME = AppIcon;
				INFOPLIST_FILE = Example/Info.plist;
				LD_RUNPATH_SEARCH_PATHS = "$(inherited) @executable_path/Frameworks";
				PRODUCT_BUNDLE_IDENTIFIER = com.karumi.bothamui.example;
				PRODUCT_NAME = "$(TARGET_NAME)";
				TARGETED_DEVICE_FAMILY = 1;
			};
			name = Release;
		};
		6B82AD3E1C062497009247FB /* Debug */ = {
			isa = XCBuildConfiguration;
			baseConfigurationReference = 8FB82F5793AD3F2FB5DDE1BC /* Pods-ExampleTests.debug.xcconfig */;
			buildSettings = {
				BUNDLE_LOADER = "$(TEST_HOST)";
				INFOPLIST_FILE = ExampleTests/Info.plist;
				IPHONEOS_DEPLOYMENT_TARGET = 9.1;
				LD_RUNPATH_SEARCH_PATHS = "$(inherited) @executable_path/Frameworks @loader_path/Frameworks";
				PRODUCT_BUNDLE_IDENTIFIER = com.karumi.ExampleTests;
				PRODUCT_NAME = "$(TARGET_NAME)";
				TEST_HOST = "$(BUILT_PRODUCTS_DIR)/Example.app/Example";
			};
			name = Debug;
		};
		6B82AD3F1C062497009247FB /* Release */ = {
			isa = XCBuildConfiguration;
			baseConfigurationReference = 39F4FD41D603422B68DA1AC8 /* Pods-ExampleTests.release.xcconfig */;
			buildSettings = {
				BUNDLE_LOADER = "$(TEST_HOST)";
				INFOPLIST_FILE = ExampleTests/Info.plist;
				IPHONEOS_DEPLOYMENT_TARGET = 9.1;
				LD_RUNPATH_SEARCH_PATHS = "$(inherited) @executable_path/Frameworks @loader_path/Frameworks";
				PRODUCT_BUNDLE_IDENTIFIER = com.karumi.ExampleTests;
				PRODUCT_NAME = "$(TARGET_NAME)";
				TEST_HOST = "$(BUILT_PRODUCTS_DIR)/Example.app/Example";
			};
			name = Release;
		};
		EB9A49291C07529200BF4D55 /* Debug */ = {
			isa = XCBuildConfiguration;
			baseConfigurationReference = A49A5D1539EF98BE0B5BBAE8 /* Pods-ExampleAcceptanceTests.debug.xcconfig */;
			buildSettings = {
				BUNDLE_LOADER = "$(TEST_HOST)";
				CLANG_ENABLE_MODULES = YES;
				INFOPLIST_FILE = ExampleAcceptanceTests/Info.plist;
				IPHONEOS_DEPLOYMENT_TARGET = 9.1;
				LD_RUNPATH_SEARCH_PATHS = "$(inherited) @executable_path/Frameworks @loader_path/Frameworks";
				PRODUCT_BUNDLE_IDENTIFIER = com.karumi.bothamnetworking.ExampleAcceptanceTests;
				PRODUCT_NAME = "$(TARGET_NAME)";
				SWIFT_OBJC_BRIDGING_HEADER = "ExampleAcceptanceTests/ExampleAcceptanceTests-Bridging-Header.h";
				SWIFT_OPTIMIZATION_LEVEL = "-Onone";
				TEST_HOST = "$(BUILT_PRODUCTS_DIR)/Example.app/Example";
			};
			name = Debug;
		};
		EB9A492A1C07529200BF4D55 /* Release */ = {
			isa = XCBuildConfiguration;
			baseConfigurationReference = F448661AC2CAA127286870BE /* Pods-ExampleAcceptanceTests.release.xcconfig */;
			buildSettings = {
				BUNDLE_LOADER = "$(TEST_HOST)";
				CLANG_ENABLE_MODULES = YES;
				INFOPLIST_FILE = ExampleAcceptanceTests/Info.plist;
				IPHONEOS_DEPLOYMENT_TARGET = 9.1;
				LD_RUNPATH_SEARCH_PATHS = "$(inherited) @executable_path/Frameworks @loader_path/Frameworks";
				PRODUCT_BUNDLE_IDENTIFIER = com.karumi.bothamnetworking.ExampleAcceptanceTests;
				PRODUCT_NAME = "$(TARGET_NAME)";
				SWIFT_OBJC_BRIDGING_HEADER = "ExampleAcceptanceTests/ExampleAcceptanceTests-Bridging-Header.h";
				TEST_HOST = "$(BUILT_PRODUCTS_DIR)/Example.app/Example";
			};
			name = Release;
		};
/* End XCBuildConfiguration section */

/* Begin XCConfigurationList section */
		6B6B09201BDD1A820013891D /* Build configuration list for PBXProject "Example" */ = {
			isa = XCConfigurationList;
			buildConfigurations = (
				6B6B094B1BDD1A830013891D /* Debug */,
				6B6B094C1BDD1A830013891D /* Release */,
			);
			defaultConfigurationIsVisible = 0;
			defaultConfigurationName = Release;
		};
		6B6B094D1BDD1A830013891D /* Build configuration list for PBXNativeTarget "Example" */ = {
			isa = XCConfigurationList;
			buildConfigurations = (
				6B6B094E1BDD1A830013891D /* Debug */,
				6B6B094F1BDD1A830013891D /* Release */,
			);
			defaultConfigurationIsVisible = 0;
			defaultConfigurationName = Release;
		};
		6B82AD3D1C062497009247FB /* Build configuration list for PBXNativeTarget "ExampleTests" */ = {
			isa = XCConfigurationList;
			buildConfigurations = (
				6B82AD3E1C062497009247FB /* Debug */,
				6B82AD3F1C062497009247FB /* Release */,
			);
			defaultConfigurationIsVisible = 0;
			defaultConfigurationName = Release;
		};
		EB9A492B1C07529200BF4D55 /* Build configuration list for PBXNativeTarget "ExampleAcceptanceTests" */ = {
			isa = XCConfigurationList;
			buildConfigurations = (
				EB9A49291C07529200BF4D55 /* Debug */,
				EB9A492A1C07529200BF4D55 /* Release */,
			);
			defaultConfigurationIsVisible = 0;
			defaultConfigurationName = Release;
		};
/* End XCConfigurationList section */
	};
	rootObject = 6B6B091D1BDD1A820013891D /* Project object */;
}
